// !$*UTF8*$!
{
	archiveVersion = 1;
	classes = {
	};
	objectVersion = 50;
	objects = {

/* Begin PBXBuildFile section */
		A700D6C22454BD6A00F16F2E /* ItemsFilterCollectionView.swift in Sources */ = {isa = PBXBuildFile; fileRef = A700D6C12454BD6A00F16F2E /* ItemsFilterCollectionView.swift */; };
		A700D6C42454BEF400F16F2E /* ItemsFilterDataSource.swift in Sources */ = {isa = PBXBuildFile; fileRef = A700D6C32454BEF400F16F2E /* ItemsFilterDataSource.swift */; };
		A700D6C72454C6FE00F16F2E /* ItemsFilterCollectionViewCell.swift in Sources */ = {isa = PBXBuildFile; fileRef = A700D6C62454C6FE00F16F2E /* ItemsFilterCollectionViewCell.swift */; };
		A700D6C92454D96800F16F2E /* ItemsFilterViewModel.swift in Sources */ = {isa = PBXBuildFile; fileRef = A700D6C82454D96800F16F2E /* ItemsFilterViewModel.swift */; };
		A700D6CB2454E82600F16F2E /* ItemsFilterCellViewModel.swift in Sources */ = {isa = PBXBuildFile; fileRef = A700D6CA2454E82600F16F2E /* ItemsFilterCellViewModel.swift */; };
		A701536624773CC000CE9085 /* ServiceError.swift in Sources */ = {isa = PBXBuildFile; fileRef = A701536524773CC000CE9085 /* ServiceError.swift */; };
		A70BCCD9244795D700CC49D0 /* AddViewModel.swift in Sources */ = {isa = PBXBuildFile; fileRef = A70BCCD8244795D700CC49D0 /* AddViewModel.swift */; };
		A70BCCDB2447960200CC49D0 /* Item.swift in Sources */ = {isa = PBXBuildFile; fileRef = A70BCCDA2447960200CC49D0 /* Item.swift */; };
		A70BCCDD244796FB00CC49D0 /* PeriodType.swift in Sources */ = {isa = PBXBuildFile; fileRef = A70BCCDC244796FB00CC49D0 /* PeriodType.swift */; };
		A70BCCE52447C56A00CC49D0 /* ExpirationTypeExtensions.swift in Sources */ = {isa = PBXBuildFile; fileRef = A70BCCE42447C56A00CC49D0 /* ExpirationTypeExtensions.swift */; };
		A70FA677244CDEEA0045B545 /* ViewControllerFactory.swift in Sources */ = {isa = PBXBuildFile; fileRef = A70FA676244CDEEA0045B545 /* ViewControllerFactory.swift */; };
		A70FA67B244CEB140045B545 /* ItemsService.swift in Sources */ = {isa = PBXBuildFile; fileRef = A70FA67A244CEB140045B545 /* ItemsService.swift */; };
		A70FA67D244CEB340045B545 /* InMemoryItemsService.swift in Sources */ = {isa = PBXBuildFile; fileRef = A70FA67C244CEB340045B545 /* InMemoryItemsService.swift */; };
		A70FA681244CF7190045B545 /* ItemsListViewModel.swift in Sources */ = {isa = PBXBuildFile; fileRef = A70FA680244CF7190045B545 /* ItemsListViewModel.swift */; };
		A712ED5F2441172300B00791 /* AppDelegate.swift in Sources */ = {isa = PBXBuildFile; fileRef = A712ED5E2441172300B00791 /* AppDelegate.swift */; };
		A712ED612441172300B00791 /* SceneDelegate.swift in Sources */ = {isa = PBXBuildFile; fileRef = A712ED602441172300B00791 /* SceneDelegate.swift */; };
		A712ED632441172300B00791 /* ItemsListViewController.swift in Sources */ = {isa = PBXBuildFile; fileRef = A712ED622441172300B00791 /* ItemsListViewController.swift */; };
		A712ED682441172400B00791 /* Assets.xcassets in Resources */ = {isa = PBXBuildFile; fileRef = A712ED672441172400B00791 /* Assets.xcassets */; };
		A712ED6B2441172400B00791 /* LaunchScreen.storyboard in Resources */ = {isa = PBXBuildFile; fileRef = A712ED692441172400B00791 /* LaunchScreen.storyboard */; };
		A716B8FD244E43BB00D2FC89 /* ItemsListCellViewModel.swift in Sources */ = {isa = PBXBuildFile; fileRef = A716B8FC244E43BB00D2FC89 /* ItemsListCellViewModel.swift */; };
		A716C9C1244FA07A004262AF /* RemainingViewModel.swift in Sources */ = {isa = PBXBuildFile; fileRef = A716C9C0244FA07A004262AF /* RemainingViewModel.swift */; };
		A716C9C8244FB505004262AF /* RemainingView.swift in Sources */ = {isa = PBXBuildFile; fileRef = A716C9C7244FB505004262AF /* RemainingView.swift */; };
		A7175078244286F60058FCE4 /* ItemsListTableViewCell.swift in Sources */ = {isa = PBXBuildFile; fileRef = A7175077244286F60058FCE4 /* ItemsListTableViewCell.swift */; };
		A71B69192443A8D600AF7CB3 /* UIColorExtensions.swift in Sources */ = {isa = PBXBuildFile; fileRef = A71B69182443A8D600AF7CB3 /* UIColorExtensions.swift */; };
		A71B691B2443A9CA00AF7CB3 /* AddNavigationController.swift in Sources */ = {isa = PBXBuildFile; fileRef = A71B691A2443A9CA00AF7CB3 /* AddNavigationController.swift */; };
		A71B691E2443CAD500AF7CB3 /* ExpirationPeriodTextField.swift in Sources */ = {isa = PBXBuildFile; fileRef = A71B691D2443CAD500AF7CB3 /* ExpirationPeriodTextField.swift */; };
		A71B69212443D3EB00AF7CB3 /* ExpirationSectionView.swift in Sources */ = {isa = PBXBuildFile; fileRef = A71B69202443D3EB00AF7CB3 /* ExpirationSectionView.swift */; };
		A72315AE244B0943008614B2 /* ValidationRules.swift in Sources */ = {isa = PBXBuildFile; fileRef = A72315AD244B0943008614B2 /* ValidationRules.swift */; };
		A725068D2457992F006C3A2F /* RemainingState.swift in Sources */ = {isa = PBXBuildFile; fileRef = A725068C2457992F006C3A2F /* RemainingState.swift */; };
		A72A46D424426A4000B0007B /* ItemsListTableView.swift in Sources */ = {isa = PBXBuildFile; fileRef = A72A46D324426A4000B0007B /* ItemsListTableView.swift */; };
		A72A46D724426C4C00B0007B /* ListAddButton.swift in Sources */ = {isa = PBXBuildFile; fileRef = A72A46D624426C4C00B0007B /* ListAddButton.swift */; };
		A72F4CBF2460B5FA008B0D5B /* ExpirationDateButton.swift in Sources */ = {isa = PBXBuildFile; fileRef = A72F4CBE2460B5FA008B0D5B /* ExpirationDateButton.swift */; };
		A741613E2450D814001ED316 /* UIAlertActionExtensions.swift in Sources */ = {isa = PBXBuildFile; fileRef = A741613D2450D814001ED316 /* UIAlertActionExtensions.swift */; };
		A74161412450D83B001ED316 /* UIAlertControllerExtensions.swift in Sources */ = {isa = PBXBuildFile; fileRef = A74161402450D83B001ED316 /* UIAlertControllerExtensions.swift */; };
		A74774CC2475CD7800E41992 /* NotificationNameExtensions.swift in Sources */ = {isa = PBXBuildFile; fileRef = A74774CB2475CD7800E41992 /* NotificationNameExtensions.swift */; };
		A749366A2473153B003DB46E /* CloudKitMapper.swift in Sources */ = {isa = PBXBuildFile; fileRef = A74936692473153B003DB46E /* CloudKitMapper.swift */; };
		A749366C247346A4003DB46E /* LoadingView.swift in Sources */ = {isa = PBXBuildFile; fileRef = A749366B247346A4003DB46E /* LoadingView.swift */; };
		A750434124707386009A1451 /* CloudKitItemsService.swift in Sources */ = {isa = PBXBuildFile; fileRef = A750434024707386009A1451 /* CloudKitItemsService.swift */; };
		A750434524707517009A1451 /* CloudKit.framework in Frameworks */ = {isa = PBXBuildFile; fileRef = A750434424707517009A1451 /* CloudKit.framework */; };
		A75E703B248DA01300F06E98 /* Photo.swift in Sources */ = {isa = PBXBuildFile; fileRef = A75E703A248DA01300F06E98 /* Photo.swift */; };
		A760CAD6248802CB00999C12 /* PhotosDataSource.swift in Sources */ = {isa = PBXBuildFile; fileRef = A760CAD5248802CB00999C12 /* PhotosDataSource.swift */; };
		A7636A672490499F00166631 /* FileService.swift in Sources */ = {isa = PBXBuildFile; fileRef = A7636A662490499F00166631 /* FileService.swift */; };
		A763AFF82482E13000E93546 /* LocalizedText.swift in Sources */ = {isa = PBXBuildFile; fileRef = A763AFF72482E13000E93546 /* LocalizedText.swift */; };
		A763AFFA2482E2C500E93546 /* StringExtensions.swift in Sources */ = {isa = PBXBuildFile; fileRef = A763AFF92482E2C500E93546 /* StringExtensions.swift */; };
		A763AFFD2482E86000E93546 /* PhotosCollectionView.swift in Sources */ = {isa = PBXBuildFile; fileRef = A763AFFC2482E86000E93546 /* PhotosCollectionView.swift */; };
		A76C34AA2460C4EA00362B68 /* ExpirationDatePicker.swift in Sources */ = {isa = PBXBuildFile; fileRef = A76C34A92460C4EA00362B68 /* ExpirationDatePicker.swift */; };
		A76C34AF2460C99400362B68 /* UILabelExtension.swift in Sources */ = {isa = PBXBuildFile; fileRef = A76C34AE2460C99400362B68 /* UILabelExtension.swift */; };
		A77A99CD245A118200F3578C /* UIBarButtonItemExtensions.swift in Sources */ = {isa = PBXBuildFile; fileRef = A77A99CC245A118200F3578C /* UIBarButtonItemExtensions.swift */; };
		A77A99CF245A14EE00F3578C /* UIImageExtensions.swift in Sources */ = {isa = PBXBuildFile; fileRef = A77A99CE245A14EE00F3578C /* UIImageExtensions.swift */; };
		A77A99D1245A1DA000F3578C /* ItemsListDelegate.swift in Sources */ = {isa = PBXBuildFile; fileRef = A77A99D0245A1DA000F3578C /* ItemsListDelegate.swift */; };
		A77A99D3245A26B700F3578C /* FilterBadgeLabel.swift in Sources */ = {isa = PBXBuildFile; fileRef = A77A99D2245A26B700F3578C /* FilterBadgeLabel.swift */; };
		A780EFD1245F7590002A8AD4 /* EditViewController.swift in Sources */ = {isa = PBXBuildFile; fileRef = A780EFD0245F7590002A8AD4 /* EditViewController.swift */; };
		A780EFD3245F786F002A8AD4 /* SortType.swift in Sources */ = {isa = PBXBuildFile; fileRef = A780EFD2245F786F002A8AD4 /* SortType.swift */; };
		A78172AA2494CF7300F406EC /* CloudKitPhotoMapper.swift in Sources */ = {isa = PBXBuildFile; fileRef = A78172A92494CF7300F406EC /* CloudKitPhotoMapper.swift */; };
		A78172AC2494D01500F406EC /* CloudKitKey.swift in Sources */ = {isa = PBXBuildFile; fileRef = A78172AB2494D01500F406EC /* CloudKitKey.swift */; };
		A78172AE2494D05200F406EC /* CloudKitItemMapper.swift in Sources */ = {isa = PBXBuildFile; fileRef = A78172AD2494D05200F406EC /* CloudKitItemMapper.swift */; };
		A78172B02494D24400F406EC /* CloudKitRecordMapper.swift in Sources */ = {isa = PBXBuildFile; fileRef = A78172AF2494D24400F406EC /* CloudKitRecordMapper.swift */; };
		A782FAD22475E0A000C69737 /* RemoteNotificationHandler.swift in Sources */ = {isa = PBXBuildFile; fileRef = A782FAD12475E0A000C69737 /* RemoteNotificationHandler.swift */; };
		A782FAD62475E83300C69737 /* CloudKitSubscriptionService.swift in Sources */ = {isa = PBXBuildFile; fileRef = A782FAD52475E83300C69737 /* CloudKitSubscriptionService.swift */; };
		A783EE2424673B8F008BCC17 /* EditContentViewController.swift in Sources */ = {isa = PBXBuildFile; fileRef = A783EE2324673B8F008BCC17 /* EditContentViewController.swift */; };
		A783EE2624674ECD008BCC17 /* AdaptiveScrollView.swift in Sources */ = {isa = PBXBuildFile; fileRef = A783EE2524674ECD008BCC17 /* AdaptiveScrollView.swift */; };
		A783EE28246755E9008BCC17 /* AddContentViewController.swift in Sources */ = {isa = PBXBuildFile; fileRef = A783EE27246755E9008BCC17 /* AddContentViewController.swift */; };
		A784410F24881C7C00FBBF3C /* FullScreenPhotoViewController.swift in Sources */ = {isa = PBXBuildFile; fileRef = A784410E24881C7C00FBBF3C /* FullScreenPhotoViewController.swift */; };
		A786619D244B4E8100A2C49C /* ExpirationDateViewModel.swift in Sources */ = {isa = PBXBuildFile; fileRef = A786619C244B4E8100A2C49C /* ExpirationDateViewModel.swift */; };
		A798DF4824524B0900A84F79 /* ItemsListDataSource.swift in Sources */ = {isa = PBXBuildFile; fileRef = A798DF4724524B0900A84F79 /* ItemsListDataSource.swift */; };
		A7994494247871D400D3AF62 /* DeleteButton.swift in Sources */ = {isa = PBXBuildFile; fileRef = A7994493247871D400D3AF62 /* DeleteButton.swift */; };
		A79B4A202479F6FA00ECE1B1 /* SubscriptionService.swift in Sources */ = {isa = PBXBuildFile; fileRef = A79B4A1F2479F6FA00ECE1B1 /* SubscriptionService.swift */; };
		A79DDDA32461F9B1008A3DFE /* EditViewModel.swift in Sources */ = {isa = PBXBuildFile; fileRef = A79DDDA22461F9B1008A3DFE /* EditViewModel.swift */; };
		A7A8EF73247C52E900FF1AC2 /* NameTextView.swift in Sources */ = {isa = PBXBuildFile; fileRef = A7A8EF72247C52E900FF1AC2 /* NameTextView.swift */; };
		A7A8EF75247C771900FF1AC2 /* NotesTextView.swift in Sources */ = {isa = PBXBuildFile; fileRef = A7A8EF74247C771900FF1AC2 /* NotesTextView.swift */; };
		A7A8EF77247C7DF900FF1AC2 /* SharedTextViewDelegate.swift in Sources */ = {isa = PBXBuildFile; fileRef = A7A8EF76247C7DF900FF1AC2 /* SharedTextViewDelegate.swift */; };
		A7ACC4BE247AFFFC0098EDE0 /* RemotePersistenceFactory.swift in Sources */ = {isa = PBXBuildFile; fileRef = A7ACC4BD247AFFFC0098EDE0 /* RemotePersistenceFactory.swift */; };
		A7ACC4C0247B000E0098EDE0 /* CloudKitPersistenceFactory.swift in Sources */ = {isa = PBXBuildFile; fileRef = A7ACC4BF247B000E0098EDE0 /* CloudKitPersistenceFactory.swift */; };
		A7ACC4C2247B00BF0098EDE0 /* CloudKitConfiguration.swift in Sources */ = {isa = PBXBuildFile; fileRef = A7ACC4C1247B00BF0098EDE0 /* CloudKitConfiguration.swift */; };
		A7ACC4C5247B12AB0098EDE0 /* SharingControllerFactory.swift in Sources */ = {isa = PBXBuildFile; fileRef = A7ACC4C4247B12AB0098EDE0 /* SharingControllerFactory.swift */; };
		A7ACC4C7247B12E20098EDE0 /* CloudKitSharingControllerFactory.swift in Sources */ = {isa = PBXBuildFile; fileRef = A7ACC4C6247B12E20098EDE0 /* CloudKitSharingControllerFactory.swift */; };
		A7AD76E62463661100220A94 /* StateIndicatorLabel.swift in Sources */ = {isa = PBXBuildFile; fileRef = A7AD76E52463661100220A94 /* StateIndicatorLabel.swift */; };
		A7ADB60E244E47CB00694BA0 /* DateFormatterExtensions.swift in Sources */ = {isa = PBXBuildFile; fileRef = A7ADB60D244E47CB00694BA0 /* DateFormatterExtensions.swift */; };
		A7B2A4832469E58D00D9C0B1 /* RemoveExpirationDateButton.swift in Sources */ = {isa = PBXBuildFile; fileRef = A7B2A4822469E58D00D9C0B1 /* RemoveExpirationDateButton.swift */; };
		A7C9636E247DA58800DE824F /* ClearButton.swift in Sources */ = {isa = PBXBuildFile; fileRef = A7C9636D247DA58800DE824F /* ClearButton.swift */; };
		A7CA5344245E0624006D84FD /* ItemsFilterViewController.swift in Sources */ = {isa = PBXBuildFile; fileRef = A7CA5343245E0624006D84FD /* ItemsFilterViewController.swift */; };
		A7CD75C7248C53FC00FCD8DF /* PhotosCollectionViewModel.swift in Sources */ = {isa = PBXBuildFile; fileRef = A7CD75C6248C53FC00FCD8DF /* PhotosCollectionViewModel.swift */; };
		A7DB8A35244285010035CF36 /* AddViewController.swift in Sources */ = {isa = PBXBuildFile; fileRef = A7DB8A34244285010035CF36 /* AddViewController.swift */; };
		A7DB8A37244286440035CF36 /* ItemsListNavigationController.swift in Sources */ = {isa = PBXBuildFile; fileRef = A7DB8A36244286440035CF36 /* ItemsListNavigationController.swift */; };
		A7DD996A2484578D00B40141 /* PhotoCell.swift in Sources */ = {isa = PBXBuildFile; fileRef = A7DD99692484578D00B40141 /* PhotoCell.swift */; };
		A7DD996C248462C500B40141 /* PhotoCaptureCell.swift in Sources */ = {isa = PBXBuildFile; fileRef = A7DD996B248462C500B40141 /* PhotoCaptureCell.swift */; };
		A7DD996E248463B500B40141 /* ReuseIdentifiable.swift in Sources */ = {isa = PBXBuildFile; fileRef = A7DD996D248463B500B40141 /* ReuseIdentifiable.swift */; };
		A7EC2D5C2444F66800993F53 /* ExpirationDateView.swift in Sources */ = {isa = PBXBuildFile; fileRef = A7EC2D5B2444F66800993F53 /* ExpirationDateView.swift */; };
		A7EC2D5E2445004D00993F53 /* ExpirationPeriodView.swift in Sources */ = {isa = PBXBuildFile; fileRef = A7EC2D5D2445004D00993F53 /* ExpirationPeriodView.swift */; };
		A7EC2D622445127200993F53 /* PeriodTypeExtensions.swift in Sources */ = {isa = PBXBuildFile; fileRef = A7EC2D612445127200993F53 /* PeriodTypeExtensions.swift */; };
		A7F16D24244AFF2000ED2402 /* ExpirationPeriodViewModel.swift in Sources */ = {isa = PBXBuildFile; fileRef = A7F16D23244AFF2000ED2402 /* ExpirationPeriodViewModel.swift */; };
		A7F82BA42458CB6700970CFC /* Mode.swift in Sources */ = {isa = PBXBuildFile; fileRef = A7F82BA32458CB6700970CFC /* Mode.swift */; };
		A7F82BA62458CB7200970CFC /* ModeState.swift in Sources */ = {isa = PBXBuildFile; fileRef = A7F82BA52458CB7200970CFC /* ModeState.swift */; };
		A7F82BA82458CB8700970CFC /* ReadModeState.swift in Sources */ = {isa = PBXBuildFile; fileRef = A7F82BA72458CB8700970CFC /* ReadModeState.swift */; };
		A7F82BAA2458CB9C00970CFC /* SelectionModeState.swift in Sources */ = {isa = PBXBuildFile; fileRef = A7F82BA92458CB9C00970CFC /* SelectionModeState.swift */; };
		A7F82BAC2458CBA800970CFC /* FilteringModeState.swift in Sources */ = {isa = PBXBuildFile; fileRef = A7F82BAB2458CBA800970CFC /* FilteringModeState.swift */; };
		A7FFA9772448F3FF0061A3D6 /* Expiration.swift in Sources */ = {isa = PBXBuildFile; fileRef = A7FFA9762448F3FF0061A3D6 /* Expiration.swift */; };
		A7FFA9792448F5C00061A3D6 /* ExpirationType.swift in Sources */ = {isa = PBXBuildFile; fileRef = A7FFA9782448F5C00061A3D6 /* ExpirationType.swift */; };
		A7FFA97D244909B40061A3D6 /* DateExtensions.swift in Sources */ = {isa = PBXBuildFile; fileRef = A7FFA97C244909B40061A3D6 /* DateExtensions.swift */; };
/* End PBXBuildFile section */

/* Begin PBXFileReference section */
		A700D6C12454BD6A00F16F2E /* ItemsFilterCollectionView.swift */ = {isa = PBXFileReference; lastKnownFileType = sourcecode.swift; path = ItemsFilterCollectionView.swift; sourceTree = "<group>"; };
		A700D6C32454BEF400F16F2E /* ItemsFilterDataSource.swift */ = {isa = PBXFileReference; lastKnownFileType = sourcecode.swift; path = ItemsFilterDataSource.swift; sourceTree = "<group>"; };
		A700D6C62454C6FE00F16F2E /* ItemsFilterCollectionViewCell.swift */ = {isa = PBXFileReference; lastKnownFileType = sourcecode.swift; path = ItemsFilterCollectionViewCell.swift; sourceTree = "<group>"; };
		A700D6C82454D96800F16F2E /* ItemsFilterViewModel.swift */ = {isa = PBXFileReference; lastKnownFileType = sourcecode.swift; path = ItemsFilterViewModel.swift; sourceTree = "<group>"; };
		A700D6CA2454E82600F16F2E /* ItemsFilterCellViewModel.swift */ = {isa = PBXFileReference; lastKnownFileType = sourcecode.swift; path = ItemsFilterCellViewModel.swift; sourceTree = "<group>"; };
		A701536524773CC000CE9085 /* ServiceError.swift */ = {isa = PBXFileReference; lastKnownFileType = sourcecode.swift; path = ServiceError.swift; sourceTree = "<group>"; };
		A70BCCD8244795D700CC49D0 /* AddViewModel.swift */ = {isa = PBXFileReference; lastKnownFileType = sourcecode.swift; path = AddViewModel.swift; sourceTree = "<group>"; };
		A70BCCDA2447960200CC49D0 /* Item.swift */ = {isa = PBXFileReference; lastKnownFileType = sourcecode.swift; path = Item.swift; sourceTree = "<group>"; };
		A70BCCDC244796FB00CC49D0 /* PeriodType.swift */ = {isa = PBXFileReference; lastKnownFileType = sourcecode.swift; path = PeriodType.swift; sourceTree = "<group>"; };
		A70BCCE42447C56A00CC49D0 /* ExpirationTypeExtensions.swift */ = {isa = PBXFileReference; lastKnownFileType = sourcecode.swift; path = ExpirationTypeExtensions.swift; sourceTree = "<group>"; };
		A70FA676244CDEEA0045B545 /* ViewControllerFactory.swift */ = {isa = PBXFileReference; lastKnownFileType = sourcecode.swift; path = ViewControllerFactory.swift; sourceTree = "<group>"; };
		A70FA67A244CEB140045B545 /* ItemsService.swift */ = {isa = PBXFileReference; lastKnownFileType = sourcecode.swift; path = ItemsService.swift; sourceTree = "<group>"; };
		A70FA67C244CEB340045B545 /* InMemoryItemsService.swift */ = {isa = PBXFileReference; lastKnownFileType = sourcecode.swift; path = InMemoryItemsService.swift; sourceTree = "<group>"; };
		A70FA680244CF7190045B545 /* ItemsListViewModel.swift */ = {isa = PBXFileReference; lastKnownFileType = sourcecode.swift; path = ItemsListViewModel.swift; sourceTree = "<group>"; };
		A712ED5B2441172300B00791 /* ZeroWasteReminder.app */ = {isa = PBXFileReference; explicitFileType = wrapper.application; includeInIndex = 0; path = ZeroWasteReminder.app; sourceTree = BUILT_PRODUCTS_DIR; };
		A712ED5E2441172300B00791 /* AppDelegate.swift */ = {isa = PBXFileReference; lastKnownFileType = sourcecode.swift; path = AppDelegate.swift; sourceTree = "<group>"; };
		A712ED602441172300B00791 /* SceneDelegate.swift */ = {isa = PBXFileReference; lastKnownFileType = sourcecode.swift; path = SceneDelegate.swift; sourceTree = "<group>"; };
		A712ED622441172300B00791 /* ItemsListViewController.swift */ = {isa = PBXFileReference; lastKnownFileType = sourcecode.swift; path = ItemsListViewController.swift; sourceTree = "<group>"; };
		A712ED672441172400B00791 /* Assets.xcassets */ = {isa = PBXFileReference; lastKnownFileType = folder.assetcatalog; path = Assets.xcassets; sourceTree = "<group>"; };
		A712ED6A2441172400B00791 /* Base */ = {isa = PBXFileReference; lastKnownFileType = file.storyboard; name = Base; path = Base.lproj/LaunchScreen.storyboard; sourceTree = "<group>"; };
		A712ED6C2441172400B00791 /* Info.plist */ = {isa = PBXFileReference; lastKnownFileType = text.plist.xml; path = Info.plist; sourceTree = "<group>"; };
		A716B8FC244E43BB00D2FC89 /* ItemsListCellViewModel.swift */ = {isa = PBXFileReference; lastKnownFileType = sourcecode.swift; path = ItemsListCellViewModel.swift; sourceTree = "<group>"; };
		A716C9C0244FA07A004262AF /* RemainingViewModel.swift */ = {isa = PBXFileReference; lastKnownFileType = sourcecode.swift; path = RemainingViewModel.swift; sourceTree = "<group>"; };
		A716C9C7244FB505004262AF /* RemainingView.swift */ = {isa = PBXFileReference; lastKnownFileType = sourcecode.swift; path = RemainingView.swift; sourceTree = "<group>"; };
		A7175077244286F60058FCE4 /* ItemsListTableViewCell.swift */ = {isa = PBXFileReference; lastKnownFileType = sourcecode.swift; path = ItemsListTableViewCell.swift; sourceTree = "<group>"; };
		A71B69182443A8D600AF7CB3 /* UIColorExtensions.swift */ = {isa = PBXFileReference; lastKnownFileType = sourcecode.swift; path = UIColorExtensions.swift; sourceTree = "<group>"; };
		A71B691A2443A9CA00AF7CB3 /* AddNavigationController.swift */ = {isa = PBXFileReference; lastKnownFileType = sourcecode.swift; path = AddNavigationController.swift; sourceTree = "<group>"; };
		A71B691D2443CAD500AF7CB3 /* ExpirationPeriodTextField.swift */ = {isa = PBXFileReference; lastKnownFileType = sourcecode.swift; path = ExpirationPeriodTextField.swift; sourceTree = "<group>"; };
		A71B69202443D3EB00AF7CB3 /* ExpirationSectionView.swift */ = {isa = PBXFileReference; lastKnownFileType = sourcecode.swift; path = ExpirationSectionView.swift; sourceTree = "<group>"; };
		A72315AD244B0943008614B2 /* ValidationRules.swift */ = {isa = PBXFileReference; lastKnownFileType = sourcecode.swift; path = ValidationRules.swift; sourceTree = "<group>"; };
		A725068C2457992F006C3A2F /* RemainingState.swift */ = {isa = PBXFileReference; lastKnownFileType = sourcecode.swift; path = RemainingState.swift; sourceTree = "<group>"; };
		A72A46D324426A4000B0007B /* ItemsListTableView.swift */ = {isa = PBXFileReference; lastKnownFileType = sourcecode.swift; path = ItemsListTableView.swift; sourceTree = "<group>"; };
		A72A46D624426C4C00B0007B /* ListAddButton.swift */ = {isa = PBXFileReference; lastKnownFileType = sourcecode.swift; path = ListAddButton.swift; sourceTree = "<group>"; };
		A72F4CBE2460B5FA008B0D5B /* ExpirationDateButton.swift */ = {isa = PBXFileReference; lastKnownFileType = sourcecode.swift; path = ExpirationDateButton.swift; sourceTree = "<group>"; };
		A741613D2450D814001ED316 /* UIAlertActionExtensions.swift */ = {isa = PBXFileReference; lastKnownFileType = sourcecode.swift; path = UIAlertActionExtensions.swift; sourceTree = "<group>"; };
		A74161402450D83B001ED316 /* UIAlertControllerExtensions.swift */ = {isa = PBXFileReference; lastKnownFileType = sourcecode.swift; path = UIAlertControllerExtensions.swift; sourceTree = "<group>"; };
		A74774CB2475CD7800E41992 /* NotificationNameExtensions.swift */ = {isa = PBXFileReference; lastKnownFileType = sourcecode.swift; path = NotificationNameExtensions.swift; sourceTree = "<group>"; };
		A74936692473153B003DB46E /* CloudKitMapper.swift */ = {isa = PBXFileReference; lastKnownFileType = sourcecode.swift; path = CloudKitMapper.swift; sourceTree = "<group>"; };
		A749366B247346A4003DB46E /* LoadingView.swift */ = {isa = PBXFileReference; lastKnownFileType = sourcecode.swift; path = LoadingView.swift; sourceTree = "<group>"; };
		A750434024707386009A1451 /* CloudKitItemsService.swift */ = {isa = PBXFileReference; lastKnownFileType = sourcecode.swift; path = CloudKitItemsService.swift; sourceTree = "<group>"; };
		A750434224707513009A1451 /* ZeroWasteReminder.entitlements */ = {isa = PBXFileReference; lastKnownFileType = text.plist.entitlements; path = ZeroWasteReminder.entitlements; sourceTree = "<group>"; };
		A750434424707517009A1451 /* CloudKit.framework */ = {isa = PBXFileReference; lastKnownFileType = wrapper.framework; name = CloudKit.framework; path = System/Library/Frameworks/CloudKit.framework; sourceTree = SDKROOT; };
		A75E703A248DA01300F06E98 /* Photo.swift */ = {isa = PBXFileReference; lastKnownFileType = sourcecode.swift; path = Photo.swift; sourceTree = "<group>"; };
		A760CAD5248802CB00999C12 /* PhotosDataSource.swift */ = {isa = PBXFileReference; lastKnownFileType = sourcecode.swift; path = PhotosDataSource.swift; sourceTree = "<group>"; };
		A7636A662490499F00166631 /* FileService.swift */ = {isa = PBXFileReference; lastKnownFileType = sourcecode.swift; path = FileService.swift; sourceTree = "<group>"; };
		A763AFF72482E13000E93546 /* LocalizedText.swift */ = {isa = PBXFileReference; lastKnownFileType = sourcecode.swift; path = LocalizedText.swift; sourceTree = "<group>"; };
		A763AFF92482E2C500E93546 /* StringExtensions.swift */ = {isa = PBXFileReference; lastKnownFileType = sourcecode.swift; path = StringExtensions.swift; sourceTree = "<group>"; };
		A763AFFC2482E86000E93546 /* PhotosCollectionView.swift */ = {isa = PBXFileReference; lastKnownFileType = sourcecode.swift; path = PhotosCollectionView.swift; sourceTree = "<group>"; };
		A76C34A92460C4EA00362B68 /* ExpirationDatePicker.swift */ = {isa = PBXFileReference; lastKnownFileType = sourcecode.swift; path = ExpirationDatePicker.swift; sourceTree = "<group>"; };
		A76C34AE2460C99400362B68 /* UILabelExtension.swift */ = {isa = PBXFileReference; lastKnownFileType = sourcecode.swift; path = UILabelExtension.swift; sourceTree = "<group>"; };
		A77A99CC245A118200F3578C /* UIBarButtonItemExtensions.swift */ = {isa = PBXFileReference; lastKnownFileType = sourcecode.swift; path = UIBarButtonItemExtensions.swift; sourceTree = "<group>"; };
		A77A99CE245A14EE00F3578C /* UIImageExtensions.swift */ = {isa = PBXFileReference; lastKnownFileType = sourcecode.swift; path = UIImageExtensions.swift; sourceTree = "<group>"; };
		A77A99D0245A1DA000F3578C /* ItemsListDelegate.swift */ = {isa = PBXFileReference; lastKnownFileType = sourcecode.swift; path = ItemsListDelegate.swift; sourceTree = "<group>"; };
		A77A99D2245A26B700F3578C /* FilterBadgeLabel.swift */ = {isa = PBXFileReference; lastKnownFileType = sourcecode.swift; path = FilterBadgeLabel.swift; sourceTree = "<group>"; };
		A780EFD0245F7590002A8AD4 /* EditViewController.swift */ = {isa = PBXFileReference; lastKnownFileType = sourcecode.swift; path = EditViewController.swift; sourceTree = "<group>"; };
		A780EFD2245F786F002A8AD4 /* SortType.swift */ = {isa = PBXFileReference; lastKnownFileType = sourcecode.swift; path = SortType.swift; sourceTree = "<group>"; };
		A78172A92494CF7300F406EC /* CloudKitPhotoMapper.swift */ = {isa = PBXFileReference; lastKnownFileType = sourcecode.swift; path = CloudKitPhotoMapper.swift; sourceTree = "<group>"; };
		A78172AB2494D01500F406EC /* CloudKitKey.swift */ = {isa = PBXFileReference; lastKnownFileType = sourcecode.swift; path = CloudKitKey.swift; sourceTree = "<group>"; };
		A78172AD2494D05200F406EC /* CloudKitItemMapper.swift */ = {isa = PBXFileReference; lastKnownFileType = sourcecode.swift; path = CloudKitItemMapper.swift; sourceTree = "<group>"; };
		A78172AF2494D24400F406EC /* CloudKitRecordMapper.swift */ = {isa = PBXFileReference; lastKnownFileType = sourcecode.swift; path = CloudKitRecordMapper.swift; sourceTree = "<group>"; };
		A782FAD12475E0A000C69737 /* RemoteNotificationHandler.swift */ = {isa = PBXFileReference; lastKnownFileType = sourcecode.swift; path = RemoteNotificationHandler.swift; sourceTree = "<group>"; };
		A782FAD52475E83300C69737 /* CloudKitSubscriptionService.swift */ = {isa = PBXFileReference; lastKnownFileType = sourcecode.swift; path = CloudKitSubscriptionService.swift; sourceTree = "<group>"; };
		A783EE2324673B8F008BCC17 /* EditContentViewController.swift */ = {isa = PBXFileReference; lastKnownFileType = sourcecode.swift; path = EditContentViewController.swift; sourceTree = "<group>"; };
		A783EE2524674ECD008BCC17 /* AdaptiveScrollView.swift */ = {isa = PBXFileReference; lastKnownFileType = sourcecode.swift; path = AdaptiveScrollView.swift; sourceTree = "<group>"; };
		A783EE27246755E9008BCC17 /* AddContentViewController.swift */ = {isa = PBXFileReference; lastKnownFileType = sourcecode.swift; path = AddContentViewController.swift; sourceTree = "<group>"; };
		A784410E24881C7C00FBBF3C /* FullScreenPhotoViewController.swift */ = {isa = PBXFileReference; lastKnownFileType = sourcecode.swift; path = FullScreenPhotoViewController.swift; sourceTree = "<group>"; };
		A786619C244B4E8100A2C49C /* ExpirationDateViewModel.swift */ = {isa = PBXFileReference; lastKnownFileType = sourcecode.swift; path = ExpirationDateViewModel.swift; sourceTree = "<group>"; };
		A798DF4724524B0900A84F79 /* ItemsListDataSource.swift */ = {isa = PBXFileReference; lastKnownFileType = sourcecode.swift; path = ItemsListDataSource.swift; sourceTree = "<group>"; };
		A7994493247871D400D3AF62 /* DeleteButton.swift */ = {isa = PBXFileReference; lastKnownFileType = sourcecode.swift; path = DeleteButton.swift; sourceTree = "<group>"; };
		A79B4A1F2479F6FA00ECE1B1 /* SubscriptionService.swift */ = {isa = PBXFileReference; lastKnownFileType = sourcecode.swift; path = SubscriptionService.swift; sourceTree = "<group>"; };
		A79DDDA22461F9B1008A3DFE /* EditViewModel.swift */ = {isa = PBXFileReference; lastKnownFileType = sourcecode.swift; path = EditViewModel.swift; sourceTree = "<group>"; };
		A7A8EF72247C52E900FF1AC2 /* NameTextView.swift */ = {isa = PBXFileReference; lastKnownFileType = sourcecode.swift; path = NameTextView.swift; sourceTree = "<group>"; };
		A7A8EF74247C771900FF1AC2 /* NotesTextView.swift */ = {isa = PBXFileReference; lastKnownFileType = sourcecode.swift; path = NotesTextView.swift; sourceTree = "<group>"; };
		A7A8EF76247C7DF900FF1AC2 /* SharedTextViewDelegate.swift */ = {isa = PBXFileReference; lastKnownFileType = sourcecode.swift; path = SharedTextViewDelegate.swift; sourceTree = "<group>"; };
		A7ACC4BD247AFFFC0098EDE0 /* RemotePersistenceFactory.swift */ = {isa = PBXFileReference; lastKnownFileType = sourcecode.swift; path = RemotePersistenceFactory.swift; sourceTree = "<group>"; };
		A7ACC4BF247B000E0098EDE0 /* CloudKitPersistenceFactory.swift */ = {isa = PBXFileReference; lastKnownFileType = sourcecode.swift; path = CloudKitPersistenceFactory.swift; sourceTree = "<group>"; };
		A7ACC4C1247B00BF0098EDE0 /* CloudKitConfiguration.swift */ = {isa = PBXFileReference; lastKnownFileType = sourcecode.swift; path = CloudKitConfiguration.swift; sourceTree = "<group>"; };
		A7ACC4C4247B12AB0098EDE0 /* SharingControllerFactory.swift */ = {isa = PBXFileReference; lastKnownFileType = sourcecode.swift; path = SharingControllerFactory.swift; sourceTree = "<group>"; };
		A7ACC4C6247B12E20098EDE0 /* CloudKitSharingControllerFactory.swift */ = {isa = PBXFileReference; lastKnownFileType = sourcecode.swift; path = CloudKitSharingControllerFactory.swift; sourceTree = "<group>"; };
		A7AD76E52463661100220A94 /* StateIndicatorLabel.swift */ = {isa = PBXFileReference; lastKnownFileType = sourcecode.swift; path = StateIndicatorLabel.swift; sourceTree = "<group>"; };
		A7ADB60D244E47CB00694BA0 /* DateFormatterExtensions.swift */ = {isa = PBXFileReference; lastKnownFileType = sourcecode.swift; path = DateFormatterExtensions.swift; sourceTree = "<group>"; };
		A7B2A4822469E58D00D9C0B1 /* RemoveExpirationDateButton.swift */ = {isa = PBXFileReference; lastKnownFileType = sourcecode.swift; path = RemoveExpirationDateButton.swift; sourceTree = "<group>"; };
		A7C9636D247DA58800DE824F /* ClearButton.swift */ = {isa = PBXFileReference; lastKnownFileType = sourcecode.swift; path = ClearButton.swift; sourceTree = "<group>"; };
		A7CA5343245E0624006D84FD /* ItemsFilterViewController.swift */ = {isa = PBXFileReference; lastKnownFileType = sourcecode.swift; path = ItemsFilterViewController.swift; sourceTree = "<group>"; };
		A7CD75C6248C53FC00FCD8DF /* PhotosCollectionViewModel.swift */ = {isa = PBXFileReference; lastKnownFileType = sourcecode.swift; path = PhotosCollectionViewModel.swift; sourceTree = "<group>"; };
		A7DB8A34244285010035CF36 /* AddViewController.swift */ = {isa = PBXFileReference; lastKnownFileType = sourcecode.swift; path = AddViewController.swift; sourceTree = "<group>"; };
		A7DB8A36244286440035CF36 /* ItemsListNavigationController.swift */ = {isa = PBXFileReference; lastKnownFileType = sourcecode.swift; path = ItemsListNavigationController.swift; sourceTree = "<group>"; };
		A7DD99692484578D00B40141 /* PhotoCell.swift */ = {isa = PBXFileReference; lastKnownFileType = sourcecode.swift; path = PhotoCell.swift; sourceTree = "<group>"; };
		A7DD996B248462C500B40141 /* PhotoCaptureCell.swift */ = {isa = PBXFileReference; lastKnownFileType = sourcecode.swift; path = PhotoCaptureCell.swift; sourceTree = "<group>"; };
		A7DD996D248463B500B40141 /* ReuseIdentifiable.swift */ = {isa = PBXFileReference; lastKnownFileType = sourcecode.swift; path = ReuseIdentifiable.swift; sourceTree = "<group>"; };
		A7EC2D5B2444F66800993F53 /* ExpirationDateView.swift */ = {isa = PBXFileReference; lastKnownFileType = sourcecode.swift; path = ExpirationDateView.swift; sourceTree = "<group>"; };
		A7EC2D5D2445004D00993F53 /* ExpirationPeriodView.swift */ = {isa = PBXFileReference; lastKnownFileType = sourcecode.swift; path = ExpirationPeriodView.swift; sourceTree = "<group>"; };
		A7EC2D612445127200993F53 /* PeriodTypeExtensions.swift */ = {isa = PBXFileReference; lastKnownFileType = sourcecode.swift; path = PeriodTypeExtensions.swift; sourceTree = "<group>"; };
		A7F16D23244AFF2000ED2402 /* ExpirationPeriodViewModel.swift */ = {isa = PBXFileReference; lastKnownFileType = sourcecode.swift; path = ExpirationPeriodViewModel.swift; sourceTree = "<group>"; };
		A7F82BA32458CB6700970CFC /* Mode.swift */ = {isa = PBXFileReference; lastKnownFileType = sourcecode.swift; path = Mode.swift; sourceTree = "<group>"; };
		A7F82BA52458CB7200970CFC /* ModeState.swift */ = {isa = PBXFileReference; lastKnownFileType = sourcecode.swift; path = ModeState.swift; sourceTree = "<group>"; };
		A7F82BA72458CB8700970CFC /* ReadModeState.swift */ = {isa = PBXFileReference; lastKnownFileType = sourcecode.swift; path = ReadModeState.swift; sourceTree = "<group>"; };
		A7F82BA92458CB9C00970CFC /* SelectionModeState.swift */ = {isa = PBXFileReference; lastKnownFileType = sourcecode.swift; path = SelectionModeState.swift; sourceTree = "<group>"; };
		A7F82BAB2458CBA800970CFC /* FilteringModeState.swift */ = {isa = PBXFileReference; lastKnownFileType = sourcecode.swift; path = FilteringModeState.swift; sourceTree = "<group>"; };
		A7FFA9762448F3FF0061A3D6 /* Expiration.swift */ = {isa = PBXFileReference; lastKnownFileType = sourcecode.swift; path = Expiration.swift; sourceTree = "<group>"; };
		A7FFA9782448F5C00061A3D6 /* ExpirationType.swift */ = {isa = PBXFileReference; lastKnownFileType = sourcecode.swift; path = ExpirationType.swift; sourceTree = "<group>"; };
		A7FFA97C244909B40061A3D6 /* DateExtensions.swift */ = {isa = PBXFileReference; lastKnownFileType = sourcecode.swift; path = DateExtensions.swift; sourceTree = "<group>"; };
/* End PBXFileReference section */

/* Begin PBXFrameworksBuildPhase section */
		A712ED582441172300B00791 /* Frameworks */ = {
			isa = PBXFrameworksBuildPhase;
			buildActionMask = 2147483647;
			files = (
				A750434524707517009A1451 /* CloudKit.framework in Frameworks */,
			);
			runOnlyForDeploymentPostprocessing = 0;
		};
/* End PBXFrameworksBuildPhase section */

/* Begin PBXGroup section */
		A700D6C02454BC8B00F16F2E /* ItemsFilter */ = {
			isa = PBXGroup;
			children = (
				A700D6C12454BD6A00F16F2E /* ItemsFilterCollectionView.swift */,
				A700D6C62454C6FE00F16F2E /* ItemsFilterCollectionViewCell.swift */,
				A700D6C32454BEF400F16F2E /* ItemsFilterDataSource.swift */,
				A7CA5343245E0624006D84FD /* ItemsFilterViewController.swift */,
			);
			path = ItemsFilter;
			sourceTree = "<group>";
		};
		A700D6C52454C31900F16F2E /* ItemsList */ = {
			isa = PBXGroup;
			children = (
				A798DF4724524B0900A84F79 /* ItemsListDataSource.swift */,
				A72A46D324426A4000B0007B /* ItemsListTableView.swift */,
				A7175077244286F60058FCE4 /* ItemsListTableViewCell.swift */,
				A77A99D0245A1DA000F3578C /* ItemsListDelegate.swift */,
				A716C9C7244FB505004262AF /* RemainingView.swift */,
			);
			path = ItemsList;
			sourceTree = "<group>";
		};
		A700D6CE2454ED9700F16F2E /* Filter */ = {
			isa = PBXGroup;
			children = (
				A700D6CA2454E82600F16F2E /* ItemsFilterCellViewModel.swift */,
				A700D6C82454D96800F16F2E /* ItemsFilterViewModel.swift */,
			);
			path = Filter;
			sourceTree = "<group>";
		};
		A70BCCD72447959C00CC49D0 /* Model */ = {
			isa = PBXGroup;
			children = (
				A70FA678244CEAF50045B545 /* Entity */,
				A79B4A1E2479F6CD00ECE1B1 /* Mapper */,
				A70FA679244CEAFC0045B545 /* Service */,
			);
			path = Model;
			sourceTree = "<group>";
		};
		A70FA678244CEAF50045B545 /* Entity */ = {
			isa = PBXGroup;
			children = (
				A7FFA9762448F3FF0061A3D6 /* Expiration.swift */,
				A7FFA9782448F5C00061A3D6 /* ExpirationType.swift */,
				A70BCCDA2447960200CC49D0 /* Item.swift */,
				A70BCCDC244796FB00CC49D0 /* PeriodType.swift */,
				A75E703A248DA01300F06E98 /* Photo.swift */,
				A725068C2457992F006C3A2F /* RemainingState.swift */,
				A780EFD2245F786F002A8AD4 /* SortType.swift */,
			);
			path = Entity;
			sourceTree = "<group>";
		};
		A70FA679244CEAFC0045B545 /* Service */ = {
			isa = PBXGroup;
			children = (
				A7ACC4C1247B00BF0098EDE0 /* CloudKitConfiguration.swift */,
				A7636A662490499F00166631 /* FileService.swift */,
				A782FAD12475E0A000C69737 /* RemoteNotificationHandler.swift */,
				A79B4A1C2479F6A200ECE1B1 /* ItemsService */,
				A7ACC4BC247AFFE90098EDE0 /* RemotePersistenceFactory */,
				A79B4A1D2479F6B800ECE1B1 /* SubscriptionService */,
			);
			path = Service;
			sourceTree = "<group>";
		};
		A70FA67E244CF6FD0045B545 /* Feature */ = {
			isa = PBXGroup;
			children = (
				A7F16D22244AFF0700ED2402 /* Add */,
				A79DDDA12461F99D008A3DFE /* Edit */,
				A70FA67F244CF7090045B545 /* List */,
			);
			path = Feature;
			sourceTree = "<group>";
		};
		A70FA67F244CF7090045B545 /* List */ = {
			isa = PBXGroup;
			children = (
				A7F82BA22458CB5A00970CFC /* ModeState */,
				A700D6CE2454ED9700F16F2E /* Filter */,
				A716B8FC244E43BB00D2FC89 /* ItemsListCellViewModel.swift */,
				A70FA680244CF7190045B545 /* ItemsListViewModel.swift */,
				A716C9C0244FA07A004262AF /* RemainingViewModel.swift */,
			);
			path = List;
			sourceTree = "<group>";
		};
		A712ED522441172300B00791 = {
			isa = PBXGroup;
			children = (
				A712ED5D2441172300B00791 /* ZeroWasteReminder */,
				A712ED5C2441172300B00791 /* Products */,
				A750434324707517009A1451 /* Frameworks */,
			);
			sourceTree = "<group>";
		};
		A712ED5C2441172300B00791 /* Products */ = {
			isa = PBXGroup;
			children = (
				A712ED5B2441172300B00791 /* ZeroWasteReminder.app */,
			);
			name = Products;
			sourceTree = "<group>";
		};
		A712ED5D2441172300B00791 /* ZeroWasteReminder */ = {
			isa = PBXGroup;
			children = (
				A750434224707513009A1451 /* ZeroWasteReminder.entitlements */,
				A712ED6C2441172400B00791 /* Info.plist */,
				A712ED5E2441172300B00791 /* AppDelegate.swift */,
				A712ED602441172300B00791 /* SceneDelegate.swift */,
				A72A46D0244265CD00B0007B /* Extension */,
				A70BCCD72447959C00CC49D0 /* Model */,
				A72A46CC2442649A00B0007B /* Resource */,
				A7EC2D602445126600993F53 /* Shared */,
				A72A46CD244264AA00B0007B /* View */,
				A72A46CE244264B400B0007B /* ViewModel */,
			);
			path = ZeroWasteReminder;
			sourceTree = "<group>";
		};
		A72A46CC2442649A00B0007B /* Resource */ = {
			isa = PBXGroup;
			children = (
				A712ED672441172400B00791 /* Assets.xcassets */,
				A712ED692441172400B00791 /* LaunchScreen.storyboard */,
				A763AFF72482E13000E93546 /* LocalizedText.swift */,
			);
			path = Resource;
			sourceTree = "<group>";
		};
		A72A46CD244264AA00B0007B /* View */ = {
			isa = PBXGroup;
			children = (
				A74161422450D989001ED316 /* Extension */,
				A7DB8A33244284120035CF36 /* Feature */,
				A72F4CBD2460B5EA008B0D5B /* Shared */,
			);
			path = View;
			sourceTree = "<group>";
		};
		A72A46CE244264B400B0007B /* ViewModel */ = {
			isa = PBXGroup;
			children = (
				A70FA67E244CF6FD0045B545 /* Feature */,
				A7CD75C5248C52AF00FCD8DF /* Shared */,
			);
			path = ViewModel;
			sourceTree = "<group>";
		};
		A72A46D0244265CD00B0007B /* Extension */ = {
			isa = PBXGroup;
			children = (
				A7FFA97C244909B40061A3D6 /* DateExtensions.swift */,
				A7ADB60D244E47CB00694BA0 /* DateFormatterExtensions.swift */,
				A70BCCE42447C56A00CC49D0 /* ExpirationTypeExtensions.swift */,
				A74774CB2475CD7800E41992 /* NotificationNameExtensions.swift */,
				A7EC2D612445127200993F53 /* PeriodTypeExtensions.swift */,
				A763AFF92482E2C500E93546 /* StringExtensions.swift */,
			);
			path = Extension;
			sourceTree = "<group>";
		};
		A72A46D524426C3700B0007B /* List */ = {
			isa = PBXGroup;
			children = (
				A7DB8A36244286440035CF36 /* ItemsListNavigationController.swift */,
				A712ED622441172300B00791 /* ItemsListViewController.swift */,
				A72A46D824426CE600B0007B /* Controls */,
			);
			path = List;
			sourceTree = "<group>";
		};
		A72A46D824426CE600B0007B /* Controls */ = {
			isa = PBXGroup;
			children = (
				A77A99D2245A26B700F3578C /* FilterBadgeLabel.swift */,
				A72A46D624426C4C00B0007B /* ListAddButton.swift */,
				A700D6C02454BC8B00F16F2E /* ItemsFilter */,
				A700D6C52454C31900F16F2E /* ItemsList */,
			);
			path = Controls;
			sourceTree = "<group>";
		};
		A72F4CBD2460B5EA008B0D5B /* Shared */ = {
			isa = PBXGroup;
			children = (
				A783EE2524674ECD008BCC17 /* AdaptiveScrollView.swift */,
				A749366B247346A4003DB46E /* LoadingView.swift */,
				A7DD996D248463B500B40141 /* ReuseIdentifiable.swift */,
				A7A8EF79247C80F700FF1AC2 /* Button */,
				A7A8EF78247C80DE00FF1AC2 /* TextView */,
			);
			path = Shared;
			sourceTree = "<group>";
		};
		A74161422450D989001ED316 /* Extension */ = {
			isa = PBXGroup;
			children = (
				A741613D2450D814001ED316 /* UIAlertActionExtensions.swift */,
				A74161402450D83B001ED316 /* UIAlertControllerExtensions.swift */,
				A77A99CC245A118200F3578C /* UIBarButtonItemExtensions.swift */,
				A71B69182443A8D600AF7CB3 /* UIColorExtensions.swift */,
				A77A99CE245A14EE00F3578C /* UIImageExtensions.swift */,
				A76C34AE2460C99400362B68 /* UILabelExtension.swift */,
			);
			path = Extension;
			sourceTree = "<group>";
		};
		A750434324707517009A1451 /* Frameworks */ = {
			isa = PBXGroup;
			children = (
				A750434424707517009A1451 /* CloudKit.framework */,
			);
			name = Frameworks;
			sourceTree = "<group>";
		};
		A763AFFE2482F20C00E93546 /* PhotoSection */ = {
			isa = PBXGroup;
			children = (
				A7DD996B248462C500B40141 /* PhotoCaptureCell.swift */,
				A7DD99692484578D00B40141 /* PhotoCell.swift */,
				A763AFFC2482E86000E93546 /* PhotosCollectionView.swift */,
				A760CAD5248802CB00999C12 /* PhotosDataSource.swift */,
				A784410D24881C5B00FBBF3C /* FullScreenPhoto */,
			);
			path = PhotoSection;
			sourceTree = "<group>";
		};
		A780EFCF245F7570002A8AD4 /* Edit */ = {
			isa = PBXGroup;
			children = (
				A783EE2324673B8F008BCC17 /* EditContentViewController.swift */,
				A780EFD0245F7590002A8AD4 /* EditViewController.swift */,
				A7AD76E52463661100220A94 /* StateIndicatorLabel.swift */,
			);
			path = Edit;
			sourceTree = "<group>";
		};
		A784410D24881C5B00FBBF3C /* FullScreenPhoto */ = {
			isa = PBXGroup;
			children = (
				A784410E24881C7C00FBBF3C /* FullScreenPhotoViewController.swift */,
			);
			path = FullScreenPhoto;
			sourceTree = "<group>";
		};
		A79B4A1C2479F6A200ECE1B1 /* ItemsService */ = {
			isa = PBXGroup;
			children = (
				A750434024707386009A1451 /* CloudKitItemsService.swift */,
				A70FA67C244CEB340045B545 /* InMemoryItemsService.swift */,
				A70FA67A244CEB140045B545 /* ItemsService.swift */,
			);
			path = ItemsService;
			sourceTree = "<group>";
		};
		A79B4A1D2479F6B800ECE1B1 /* SubscriptionService */ = {
			isa = PBXGroup;
			children = (
				A782FAD52475E83300C69737 /* CloudKitSubscriptionService.swift */,
				A79B4A1F2479F6FA00ECE1B1 /* SubscriptionService.swift */,
			);
			path = SubscriptionService;
			sourceTree = "<group>";
		};
		A79B4A1E2479F6CD00ECE1B1 /* Mapper */ = {
			isa = PBXGroup;
			children = (
				A78172AD2494D05200F406EC /* CloudKitItemMapper.swift */,
				A78172AB2494D01500F406EC /* CloudKitKey.swift */,
				A74936692473153B003DB46E /* CloudKitMapper.swift */,
				A78172A92494CF7300F406EC /* CloudKitPhotoMapper.swift */,
				A78172AF2494D24400F406EC /* CloudKitRecordMapper.swift */,
			);
			path = Mapper;
			sourceTree = "<group>";
		};
		A79DDDA12461F99D008A3DFE /* Edit */ = {
			isa = PBXGroup;
			children = (
				A79DDDA22461F9B1008A3DFE /* EditViewModel.swift */,
			);
			path = Edit;
			sourceTree = "<group>";
		};
		A7A8EF78247C80DE00FF1AC2 /* TextView */ = {
			isa = PBXGroup;
			children = (
				A7A8EF72247C52E900FF1AC2 /* NameTextView.swift */,
				A7A8EF74247C771900FF1AC2 /* NotesTextView.swift */,
				A7A8EF76247C7DF900FF1AC2 /* SharedTextViewDelegate.swift */,
			);
			path = TextView;
			sourceTree = "<group>";
		};
		A7A8EF79247C80F700FF1AC2 /* Button */ = {
			isa = PBXGroup;
			children = (
				A7994493247871D400D3AF62 /* DeleteButton.swift */,
				A72F4CBE2460B5FA008B0D5B /* ExpirationDateButton.swift */,
				A76C34A92460C4EA00362B68 /* ExpirationDatePicker.swift */,
				A7B2A4822469E58D00D9C0B1 /* RemoveExpirationDateButton.swift */,
				A7C9636D247DA58800DE824F /* ClearButton.swift */,
			);
			path = Button;
			sourceTree = "<group>";
		};
		A7ACC4BC247AFFE90098EDE0 /* RemotePersistenceFactory */ = {
			isa = PBXGroup;
			children = (
				A7ACC4BF247B000E0098EDE0 /* CloudKitPersistenceFactory.swift */,
				A7ACC4BD247AFFFC0098EDE0 /* RemotePersistenceFactory.swift */,
				A7ACC4C3247B129E0098EDE0 /* SharingControllerFactory */,
			);
			path = RemotePersistenceFactory;
			sourceTree = "<group>";
		};
		A7ACC4C3247B129E0098EDE0 /* SharingControllerFactory */ = {
			isa = PBXGroup;
			children = (
				A7ACC4C6247B12E20098EDE0 /* CloudKitSharingControllerFactory.swift */,
				A7ACC4C4247B12AB0098EDE0 /* SharingControllerFactory.swift */,
			);
			path = SharingControllerFactory;
			sourceTree = "<group>";
		};
		A7CD75C5248C52AF00FCD8DF /* Shared */ = {
			isa = PBXGroup;
			children = (
				A7CD75C6248C53FC00FCD8DF /* PhotosCollectionViewModel.swift */,
			);
			path = Shared;
			sourceTree = "<group>";
		};
		A7DB8A32244284020035CF36 /* Add */ = {
			isa = PBXGroup;
			children = (
				A783EE27246755E9008BCC17 /* AddContentViewController.swift */,
				A71B691A2443A9CA00AF7CB3 /* AddNavigationController.swift */,
				A7DB8A34244285010035CF36 /* AddViewController.swift */,
				A7EC2D5F2445030200993F53 /* ExpirationSection */,
				A763AFFE2482F20C00E93546 /* PhotoSection */,
			);
			path = Add;
			sourceTree = "<group>";
		};
		A7DB8A33244284120035CF36 /* Feature */ = {
			isa = PBXGroup;
			children = (
				A7DB8A32244284020035CF36 /* Add */,
				A780EFCF245F7570002A8AD4 /* Edit */,
				A72A46D524426C3700B0007B /* List */,
			);
			path = Feature;
			sourceTree = "<group>";
		};
		A7EC2D5F2445030200993F53 /* ExpirationSection */ = {
			isa = PBXGroup;
			children = (
				A7EC2D5B2444F66800993F53 /* ExpirationDateView.swift */,
				A71B691D2443CAD500AF7CB3 /* ExpirationPeriodTextField.swift */,
				A7EC2D5D2445004D00993F53 /* ExpirationPeriodView.swift */,
				A71B69202443D3EB00AF7CB3 /* ExpirationSectionView.swift */,
			);
			path = ExpirationSection;
			sourceTree = "<group>";
		};
		A7EC2D602445126600993F53 /* Shared */ = {
			isa = PBXGroup;
			children = (
				A701536524773CC000CE9085 /* ServiceError.swift */,
				A70FA676244CDEEA0045B545 /* ViewControllerFactory.swift */,
			);
			path = Shared;
			sourceTree = "<group>";
		};
		A7F16D22244AFF0700ED2402 /* Add */ = {
			isa = PBXGroup;
			children = (
				A70BCCD8244795D700CC49D0 /* AddViewModel.swift */,
				A786619C244B4E8100A2C49C /* ExpirationDateViewModel.swift */,
				A7F16D23244AFF2000ED2402 /* ExpirationPeriodViewModel.swift */,
				A72315AD244B0943008614B2 /* ValidationRules.swift */,
			);
			path = Add;
			sourceTree = "<group>";
		};
		A7F82BA22458CB5A00970CFC /* ModeState */ = {
			isa = PBXGroup;
			children = (
				A7F82BA32458CB6700970CFC /* Mode.swift */,
				A7F82BA52458CB7200970CFC /* ModeState.swift */,
				A7F82BAD2458CBB300970CFC /* State */,
			);
			path = ModeState;
			sourceTree = "<group>";
		};
		A7F82BAD2458CBB300970CFC /* State */ = {
			isa = PBXGroup;
			children = (
				A7F82BAB2458CBA800970CFC /* FilteringModeState.swift */,
				A7F82BA72458CB8700970CFC /* ReadModeState.swift */,
				A7F82BA92458CB9C00970CFC /* SelectionModeState.swift */,
			);
			path = State;
			sourceTree = "<group>";
		};
/* End PBXGroup section */

/* Begin PBXNativeTarget section */
		A712ED5A2441172300B00791 /* ZeroWasteReminder */ = {
			isa = PBXNativeTarget;
			buildConfigurationList = A712ED6F2441172400B00791 /* Build configuration list for PBXNativeTarget "ZeroWasteReminder" */;
			buildPhases = (
				A712ED572441172300B00791 /* Sources */,
				A712ED582441172300B00791 /* Frameworks */,
				A712ED592441172300B00791 /* Resources */,
			);
			buildRules = (
			);
			dependencies = (
			);
			name = ZeroWasteReminder;
			productName = ZeroWasteReminder;
			productReference = A712ED5B2441172300B00791 /* ZeroWasteReminder.app */;
			productType = "com.apple.product-type.application";
		};
/* End PBXNativeTarget section */

/* Begin PBXProject section */
		A712ED532441172300B00791 /* Project object */ = {
			isa = PBXProject;
			attributes = {
				LastSwiftUpdateCheck = 1140;
				LastUpgradeCheck = 1140;
				ORGANIZATIONNAME = "Adrian Świątek";
				TargetAttributes = {
					A712ED5A2441172300B00791 = {
						CreatedOnToolsVersion = 11.4;
					};
				};
			};
			buildConfigurationList = A712ED562441172300B00791 /* Build configuration list for PBXProject "ZeroWasteReminder" */;
			compatibilityVersion = "Xcode 9.3";
			developmentRegion = en;
			hasScannedForEncodings = 0;
			knownRegions = (
				en,
				Base,
			);
			mainGroup = A712ED522441172300B00791;
			productRefGroup = A712ED5C2441172300B00791 /* Products */;
			projectDirPath = "";
			projectRoot = "";
			targets = (
				A712ED5A2441172300B00791 /* ZeroWasteReminder */,
			);
		};
/* End PBXProject section */

/* Begin PBXResourcesBuildPhase section */
		A712ED592441172300B00791 /* Resources */ = {
			isa = PBXResourcesBuildPhase;
			buildActionMask = 2147483647;
			files = (
				A712ED6B2441172400B00791 /* LaunchScreen.storyboard in Resources */,
				A712ED682441172400B00791 /* Assets.xcassets in Resources */,
			);
			runOnlyForDeploymentPostprocessing = 0;
		};
/* End PBXResourcesBuildPhase section */

/* Begin PBXSourcesBuildPhase section */
		A712ED572441172300B00791 /* Sources */ = {
			isa = PBXSourcesBuildPhase;
			buildActionMask = 2147483647;
			files = (
				A783EE2424673B8F008BCC17 /* EditContentViewController.swift in Sources */,
				A7F82BA82458CB8700970CFC /* ReadModeState.swift in Sources */,
				A7ACC4C0247B000E0098EDE0 /* CloudKitPersistenceFactory.swift in Sources */,
				A7ACC4C7247B12E20098EDE0 /* CloudKitSharingControllerFactory.swift in Sources */,
				A7F82BAA2458CB9C00970CFC /* SelectionModeState.swift in Sources */,
				A7EC2D622445127200993F53 /* PeriodTypeExtensions.swift in Sources */,
				A71B69212443D3EB00AF7CB3 /* ExpirationSectionView.swift in Sources */,
				A78172B02494D24400F406EC /* CloudKitRecordMapper.swift in Sources */,
				A71B691B2443A9CA00AF7CB3 /* AddNavigationController.swift in Sources */,
				A74774CC2475CD7800E41992 /* NotificationNameExtensions.swift in Sources */,
				A712ED632441172300B00791 /* ItemsListViewController.swift in Sources */,
				A7ACC4C5247B12AB0098EDE0 /* SharingControllerFactory.swift in Sources */,
				A70FA67B244CEB140045B545 /* ItemsService.swift in Sources */,
				A7FFA97D244909B40061A3D6 /* DateExtensions.swift in Sources */,
				A7DB8A37244286440035CF36 /* ItemsListNavigationController.swift in Sources */,
				A7EC2D5E2445004D00993F53 /* ExpirationPeriodView.swift in Sources */,
				A7A8EF73247C52E900FF1AC2 /* NameTextView.swift in Sources */,
				A783EE2624674ECD008BCC17 /* AdaptiveScrollView.swift in Sources */,
				A7636A672490499F00166631 /* FileService.swift in Sources */,
				A725068D2457992F006C3A2F /* RemainingState.swift in Sources */,
				A7FFA9792448F5C00061A3D6 /* ExpirationType.swift in Sources */,
				A70FA677244CDEEA0045B545 /* ViewControllerFactory.swift in Sources */,
				A716C9C1244FA07A004262AF /* RemainingViewModel.swift in Sources */,
				A7A8EF75247C771900FF1AC2 /* NotesTextView.swift in Sources */,
				A7DD996E248463B500B40141 /* ReuseIdentifiable.swift in Sources */,
				A7EC2D5C2444F66800993F53 /* ExpirationDateView.swift in Sources */,
				A70FA67D244CEB340045B545 /* InMemoryItemsService.swift in Sources */,
				A77A99D3245A26B700F3578C /* FilterBadgeLabel.swift in Sources */,
				A7A8EF77247C7DF900FF1AC2 /* SharedTextViewDelegate.swift in Sources */,
				A78172AE2494D05200F406EC /* CloudKitItemMapper.swift in Sources */,
				A7F82BAC2458CBA800970CFC /* FilteringModeState.swift in Sources */,
				A70BCCE52447C56A00CC49D0 /* ExpirationTypeExtensions.swift in Sources */,
				A72F4CBF2460B5FA008B0D5B /* ExpirationDateButton.swift in Sources */,
				A782FAD62475E83300C69737 /* CloudKitSubscriptionService.swift in Sources */,
				A71B691E2443CAD500AF7CB3 /* ExpirationPeriodTextField.swift in Sources */,
				A7B2A4832469E58D00D9C0B1 /* RemoveExpirationDateButton.swift in Sources */,
				A78172AC2494D01500F406EC /* CloudKitKey.swift in Sources */,
				A79B4A202479F6FA00ECE1B1 /* SubscriptionService.swift in Sources */,
				A712ED5F2441172300B00791 /* AppDelegate.swift in Sources */,
				A7DB8A35244285010035CF36 /* AddViewController.swift in Sources */,
				A70BCCDB2447960200CC49D0 /* Item.swift in Sources */,
				A783EE28246755E9008BCC17 /* AddContentViewController.swift in Sources */,
				A716C9C8244FB505004262AF /* RemainingView.swift in Sources */,
				A77A99CF245A14EE00F3578C /* UIImageExtensions.swift in Sources */,
				A786619D244B4E8100A2C49C /* ExpirationDateViewModel.swift in Sources */,
				A7DD996A2484578D00B40141 /* PhotoCell.swift in Sources */,
				A7ACC4C2247B00BF0098EDE0 /* CloudKitConfiguration.swift in Sources */,
				A7175078244286F60058FCE4 /* ItemsListTableViewCell.swift in Sources */,
				A7AD76E62463661100220A94 /* StateIndicatorLabel.swift in Sources */,
				A74161412450D83B001ED316 /* UIAlertControllerExtensions.swift in Sources */,
				A763AFFD2482E86000E93546 /* PhotosCollectionView.swift in Sources */,
				A716B8FD244E43BB00D2FC89 /* ItemsListCellViewModel.swift in Sources */,
				A77A99D1245A1DA000F3578C /* ItemsListDelegate.swift in Sources */,
				A70FA681244CF7190045B545 /* ItemsListViewModel.swift in Sources */,
				A72A46D724426C4C00B0007B /* ListAddButton.swift in Sources */,
				A700D6C22454BD6A00F16F2E /* ItemsFilterCollectionView.swift in Sources */,
				A750434124707386009A1451 /* CloudKitItemsService.swift in Sources */,
				A7F82BA42458CB6700970CFC /* Mode.swift in Sources */,
				A7F82BA62458CB7200970CFC /* ModeState.swift in Sources */,
				A7CD75C7248C53FC00FCD8DF /* PhotosCollectionViewModel.swift in Sources */,
				A72A46D424426A4000B0007B /* ItemsListTableView.swift in Sources */,
				A712ED612441172300B00791 /* SceneDelegate.swift in Sources */,
				A79DDDA32461F9B1008A3DFE /* EditViewModel.swift in Sources */,
				A7FFA9772448F3FF0061A3D6 /* Expiration.swift in Sources */,
				A76C34AF2460C99400362B68 /* UILabelExtension.swift in Sources */,
				A749366C247346A4003DB46E /* LoadingView.swift in Sources */,
				A780EFD1245F7590002A8AD4 /* EditViewController.swift in Sources */,
				A7ADB60E244E47CB00694BA0 /* DateFormatterExtensions.swift in Sources */,
				A7ACC4BE247AFFFC0098EDE0 /* RemotePersistenceFactory.swift in Sources */,
				A782FAD22475E0A000C69737 /* RemoteNotificationHandler.swift in Sources */,
				A7CA5344245E0624006D84FD /* ItemsFilterViewController.swift in Sources */,
				A78172AA2494CF7300F406EC /* CloudKitPhotoMapper.swift in Sources */,
				A700D6CB2454E82600F16F2E /* ItemsFilterCellViewModel.swift in Sources */,
				A798DF4824524B0900A84F79 /* ItemsListDataSource.swift in Sources */,
				A76C34AA2460C4EA00362B68 /* ExpirationDatePicker.swift in Sources */,
				A749366A2473153B003DB46E /* CloudKitMapper.swift in Sources */,
				A700D6C72454C6FE00F16F2E /* ItemsFilterCollectionViewCell.swift in Sources */,
				A7DD996C248462C500B40141 /* PhotoCaptureCell.swift in Sources */,
				A7F16D24244AFF2000ED2402 /* ExpirationPeriodViewModel.swift in Sources */,
				A77A99CD245A118200F3578C /* UIBarButtonItemExtensions.swift in Sources */,
				A763AFF82482E13000E93546 /* LocalizedText.swift in Sources */,
				A7C9636E247DA58800DE824F /* ClearButton.swift in Sources */,
				A700D6C92454D96800F16F2E /* ItemsFilterViewModel.swift in Sources */,
				A72315AE244B0943008614B2 /* ValidationRules.swift in Sources */,
				A784410F24881C7C00FBBF3C /* FullScreenPhotoViewController.swift in Sources */,
				A700D6C42454BEF400F16F2E /* ItemsFilterDataSource.swift in Sources */,
				A780EFD3245F786F002A8AD4 /* SortType.swift in Sources */,
				A70BCCD9244795D700CC49D0 /* AddViewModel.swift in Sources */,
				A71B69192443A8D600AF7CB3 /* UIColorExtensions.swift in Sources */,
				A75E703B248DA01300F06E98 /* Photo.swift in Sources */,
				A763AFFA2482E2C500E93546 /* StringExtensions.swift in Sources */,
				A7994494247871D400D3AF62 /* DeleteButton.swift in Sources */,
				A701536624773CC000CE9085 /* ServiceError.swift in Sources */,
				A70BCCDD244796FB00CC49D0 /* PeriodType.swift in Sources */,
				A760CAD6248802CB00999C12 /* PhotosDataSource.swift in Sources */,
				A741613E2450D814001ED316 /* UIAlertActionExtensions.swift in Sources */,
			);
			runOnlyForDeploymentPostprocessing = 0;
		};
/* End PBXSourcesBuildPhase section */

/* Begin PBXVariantGroup section */
		A712ED692441172400B00791 /* LaunchScreen.storyboard */ = {
			isa = PBXVariantGroup;
			children = (
				A712ED6A2441172400B00791 /* Base */,
			);
			name = LaunchScreen.storyboard;
			sourceTree = "<group>";
		};
/* End PBXVariantGroup section */

/* Begin XCBuildConfiguration section */
		A712ED6D2441172400B00791 /* Debug */ = {
			isa = XCBuildConfiguration;
			buildSettings = {
				ALWAYS_SEARCH_USER_PATHS = NO;
				CLANG_ANALYZER_NONNULL = YES;
				CLANG_ANALYZER_NUMBER_OBJECT_CONVERSION = YES_AGGRESSIVE;
				CLANG_CXX_LANGUAGE_STANDARD = "gnu++14";
				CLANG_CXX_LIBRARY = "libc++";
				CLANG_ENABLE_MODULES = YES;
				CLANG_ENABLE_OBJC_ARC = YES;
				CLANG_ENABLE_OBJC_WEAK = YES;
				CLANG_WARN_BLOCK_CAPTURE_AUTORELEASING = YES;
				CLANG_WARN_BOOL_CONVERSION = YES;
				CLANG_WARN_COMMA = YES;
				CLANG_WARN_CONSTANT_CONVERSION = YES;
				CLANG_WARN_DEPRECATED_OBJC_IMPLEMENTATIONS = YES;
				CLANG_WARN_DIRECT_OBJC_ISA_USAGE = YES_ERROR;
				CLANG_WARN_DOCUMENTATION_COMMENTS = YES;
				CLANG_WARN_EMPTY_BODY = YES;
				CLANG_WARN_ENUM_CONVERSION = YES;
				CLANG_WARN_INFINITE_RECURSION = YES;
				CLANG_WARN_INT_CONVERSION = YES;
				CLANG_WARN_NON_LITERAL_NULL_CONVERSION = YES;
				CLANG_WARN_OBJC_IMPLICIT_RETAIN_SELF = YES;
				CLANG_WARN_OBJC_LITERAL_CONVERSION = YES;
				CLANG_WARN_OBJC_ROOT_CLASS = YES_ERROR;
				CLANG_WARN_RANGE_LOOP_ANALYSIS = YES;
				CLANG_WARN_STRICT_PROTOTYPES = YES;
				CLANG_WARN_SUSPICIOUS_MOVE = YES;
				CLANG_WARN_UNGUARDED_AVAILABILITY = YES_AGGRESSIVE;
				CLANG_WARN_UNREACHABLE_CODE = YES;
				CLANG_WARN__DUPLICATE_METHOD_MATCH = YES;
				COPY_PHASE_STRIP = NO;
				DEBUG_INFORMATION_FORMAT = dwarf;
				ENABLE_STRICT_OBJC_MSGSEND = YES;
				ENABLE_TESTABILITY = YES;
				GCC_C_LANGUAGE_STANDARD = gnu11;
				GCC_DYNAMIC_NO_PIC = NO;
				GCC_NO_COMMON_BLOCKS = YES;
				GCC_OPTIMIZATION_LEVEL = 0;
				GCC_PREPROCESSOR_DEFINITIONS = (
					"DEBUG=1",
					"$(inherited)",
				);
				GCC_WARN_64_TO_32_BIT_CONVERSION = YES;
				GCC_WARN_ABOUT_RETURN_TYPE = YES_ERROR;
				GCC_WARN_UNDECLARED_SELECTOR = YES;
				GCC_WARN_UNINITIALIZED_AUTOS = YES_AGGRESSIVE;
				GCC_WARN_UNUSED_FUNCTION = YES;
				GCC_WARN_UNUSED_VARIABLE = YES;
				IPHONEOS_DEPLOYMENT_TARGET = 13.4;
				MTL_ENABLE_DEBUG_INFO = INCLUDE_SOURCE;
				MTL_FAST_MATH = YES;
				ONLY_ACTIVE_ARCH = YES;
				SDKROOT = iphoneos;
				SWIFT_ACTIVE_COMPILATION_CONDITIONS = DEBUG;
				SWIFT_OPTIMIZATION_LEVEL = "-Onone";
			};
			name = Debug;
		};
		A712ED6E2441172400B00791 /* Release */ = {
			isa = XCBuildConfiguration;
			buildSettings = {
				ALWAYS_SEARCH_USER_PATHS = NO;
				CLANG_ANALYZER_NONNULL = YES;
				CLANG_ANALYZER_NUMBER_OBJECT_CONVERSION = YES_AGGRESSIVE;
				CLANG_CXX_LANGUAGE_STANDARD = "gnu++14";
				CLANG_CXX_LIBRARY = "libc++";
				CLANG_ENABLE_MODULES = YES;
				CLANG_ENABLE_OBJC_ARC = YES;
				CLANG_ENABLE_OBJC_WEAK = YES;
				CLANG_WARN_BLOCK_CAPTURE_AUTORELEASING = YES;
				CLANG_WARN_BOOL_CONVERSION = YES;
				CLANG_WARN_COMMA = YES;
				CLANG_WARN_CONSTANT_CONVERSION = YES;
				CLANG_WARN_DEPRECATED_OBJC_IMPLEMENTATIONS = YES;
				CLANG_WARN_DIRECT_OBJC_ISA_USAGE = YES_ERROR;
				CLANG_WARN_DOCUMENTATION_COMMENTS = YES;
				CLANG_WARN_EMPTY_BODY = YES;
				CLANG_WARN_ENUM_CONVERSION = YES;
				CLANG_WARN_INFINITE_RECURSION = YES;
				CLANG_WARN_INT_CONVERSION = YES;
				CLANG_WARN_NON_LITERAL_NULL_CONVERSION = YES;
				CLANG_WARN_OBJC_IMPLICIT_RETAIN_SELF = YES;
				CLANG_WARN_OBJC_LITERAL_CONVERSION = YES;
				CLANG_WARN_OBJC_ROOT_CLASS = YES_ERROR;
				CLANG_WARN_RANGE_LOOP_ANALYSIS = YES;
				CLANG_WARN_STRICT_PROTOTYPES = YES;
				CLANG_WARN_SUSPICIOUS_MOVE = YES;
				CLANG_WARN_UNGUARDED_AVAILABILITY = YES_AGGRESSIVE;
				CLANG_WARN_UNREACHABLE_CODE = YES;
				CLANG_WARN__DUPLICATE_METHOD_MATCH = YES;
				COPY_PHASE_STRIP = NO;
				DEBUG_INFORMATION_FORMAT = "dwarf-with-dsym";
				ENABLE_NS_ASSERTIONS = NO;
				ENABLE_STRICT_OBJC_MSGSEND = YES;
				GCC_C_LANGUAGE_STANDARD = gnu11;
				GCC_NO_COMMON_BLOCKS = YES;
				GCC_WARN_64_TO_32_BIT_CONVERSION = YES;
				GCC_WARN_ABOUT_RETURN_TYPE = YES_ERROR;
				GCC_WARN_UNDECLARED_SELECTOR = YES;
				GCC_WARN_UNINITIALIZED_AUTOS = YES_AGGRESSIVE;
				GCC_WARN_UNUSED_FUNCTION = YES;
				GCC_WARN_UNUSED_VARIABLE = YES;
				IPHONEOS_DEPLOYMENT_TARGET = 13.4;
				MTL_ENABLE_DEBUG_INFO = NO;
				MTL_FAST_MATH = YES;
				SDKROOT = iphoneos;
				SWIFT_COMPILATION_MODE = wholemodule;
				SWIFT_OPTIMIZATION_LEVEL = "-O";
				VALIDATE_PRODUCT = YES;
			};
			name = Release;
		};
		A712ED702441172400B00791 /* Debug */ = {
			isa = XCBuildConfiguration;
			buildSettings = {
				ASSETCATALOG_COMPILER_APPICON_NAME = AppIcon;
				CODE_SIGN_ENTITLEMENTS = ZeroWasteReminder/ZeroWasteReminder.entitlements;
				CODE_SIGN_STYLE = Automatic;
				DEVELOPMENT_TEAM = Q924VJ4PLT;
				INFOPLIST_FILE = ZeroWasteReminder/Info.plist;
				IPHONEOS_DEPLOYMENT_TARGET = 13.0;
				LD_RUNPATH_SEARCH_PATHS = (
					"$(inherited)",
					"@executable_path/Frameworks",
				);
				PRODUCT_BUNDLE_IDENTIFIER = pl.aswiatek.ZeroWasteReminder;
				PRODUCT_NAME = "$(TARGET_NAME)";
				SWIFT_VERSION = 5.0;
				TARGETED_DEVICE_FAMILY = "1,2";
			};
			name = Debug;
		};
		A712ED712441172400B00791 /* Release */ = {
			isa = XCBuildConfiguration;
			buildSettings = {
				ASSETCATALOG_COMPILER_APPICON_NAME = AppIcon;
				CODE_SIGN_ENTITLEMENTS = ZeroWasteReminder/ZeroWasteReminder.entitlements;
				CODE_SIGN_STYLE = Automatic;
				DEVELOPMENT_TEAM = Q924VJ4PLT;
				INFOPLIST_FILE = ZeroWasteReminder/Info.plist;
				IPHONEOS_DEPLOYMENT_TARGET = 13.0;
				LD_RUNPATH_SEARCH_PATHS = (
					"$(inherited)",
					"@executable_path/Frameworks",
				);
				PRODUCT_BUNDLE_IDENTIFIER = pl.aswiatek.ZeroWasteReminder;
				PRODUCT_NAME = "$(TARGET_NAME)";
				SWIFT_VERSION = 5.0;
				TARGETED_DEVICE_FAMILY = "1,2";
			};
			name = Release;
		};
/* End XCBuildConfiguration section */

/* Begin XCConfigurationList section */
		A712ED562441172300B00791 /* Build configuration list for PBXProject "ZeroWasteReminder" */ = {
			isa = XCConfigurationList;
			buildConfigurations = (
				A712ED6D2441172400B00791 /* Debug */,
				A712ED6E2441172400B00791 /* Release */,
			);
			defaultConfigurationIsVisible = 0;
			defaultConfigurationName = Release;
		};
		A712ED6F2441172400B00791 /* Build configuration list for PBXNativeTarget "ZeroWasteReminder" */ = {
			isa = XCConfigurationList;
			buildConfigurations = (
				A712ED702441172400B00791 /* Debug */,
				A712ED712441172400B00791 /* Release */,
			);
			defaultConfigurationIsVisible = 0;
			defaultConfigurationName = Release;
		};
/* End XCConfigurationList section */
	};
	rootObject = A712ED532441172300B00791 /* Project object */;
}
