// !$*UTF8*$!
{
	archiveVersion = 1;
	classes = {
	};
	objectVersion = 50;
	objects = {

/* Begin PBXBuildFile section */
		A700D6C22454BD6A00F16F2E /* ItemsFilterCollectionView.swift in Sources */ = {isa = PBXBuildFile; fileRef = A700D6C12454BD6A00F16F2E /* ItemsFilterCollectionView.swift */; };
		A700D6C42454BEF400F16F2E /* ItemsFilterDataSource.swift in Sources */ = {isa = PBXBuildFile; fileRef = A700D6C32454BEF400F16F2E /* ItemsFilterDataSource.swift */; };
		A700D6C72454C6FE00F16F2E /* ItemsFilterCollectionViewCell.swift in Sources */ = {isa = PBXBuildFile; fileRef = A700D6C62454C6FE00F16F2E /* ItemsFilterCollectionViewCell.swift */; };
		A700D6C92454D96800F16F2E /* ItemsFilterViewModel.swift in Sources */ = {isa = PBXBuildFile; fileRef = A700D6C82454D96800F16F2E /* ItemsFilterViewModel.swift */; };
		A700D6CB2454E82600F16F2E /* ItemsFilterCellViewModel.swift in Sources */ = {isa = PBXBuildFile; fileRef = A700D6CA2454E82600F16F2E /* ItemsFilterCellViewModel.swift */; };
		A70BCCD9244795D700CC49D0 /* AddViewModel.swift in Sources */ = {isa = PBXBuildFile; fileRef = A70BCCD8244795D700CC49D0 /* AddViewModel.swift */; };
		A70BCCDB2447960200CC49D0 /* Item.swift in Sources */ = {isa = PBXBuildFile; fileRef = A70BCCDA2447960200CC49D0 /* Item.swift */; };
		A70BCCDD244796FB00CC49D0 /* PeriodType.swift in Sources */ = {isa = PBXBuildFile; fileRef = A70BCCDC244796FB00CC49D0 /* PeriodType.swift */; };
		A70BCCE52447C56A00CC49D0 /* ExpirationTypeExtensions.swift in Sources */ = {isa = PBXBuildFile; fileRef = A70BCCE42447C56A00CC49D0 /* ExpirationTypeExtensions.swift */; };
		A70FA677244CDEEA0045B545 /* ViewControllerFactory.swift in Sources */ = {isa = PBXBuildFile; fileRef = A70FA676244CDEEA0045B545 /* ViewControllerFactory.swift */; };
		A70FA67B244CEB140045B545 /* ItemsService.swift in Sources */ = {isa = PBXBuildFile; fileRef = A70FA67A244CEB140045B545 /* ItemsService.swift */; };
		A70FA67D244CEB340045B545 /* InMemoryItemsService.swift in Sources */ = {isa = PBXBuildFile; fileRef = A70FA67C244CEB340045B545 /* InMemoryItemsService.swift */; };
		A70FA681244CF7190045B545 /* ItemsListViewModel.swift in Sources */ = {isa = PBXBuildFile; fileRef = A70FA680244CF7190045B545 /* ItemsListViewModel.swift */; };
		A712ED5F2441172300B00791 /* AppDelegate.swift in Sources */ = {isa = PBXBuildFile; fileRef = A712ED5E2441172300B00791 /* AppDelegate.swift */; };
		A712ED612441172300B00791 /* SceneDelegate.swift in Sources */ = {isa = PBXBuildFile; fileRef = A712ED602441172300B00791 /* SceneDelegate.swift */; };
		A712ED632441172300B00791 /* ItemsListViewController.swift in Sources */ = {isa = PBXBuildFile; fileRef = A712ED622441172300B00791 /* ItemsListViewController.swift */; };
		A712ED682441172400B00791 /* Assets.xcassets in Resources */ = {isa = PBXBuildFile; fileRef = A712ED672441172400B00791 /* Assets.xcassets */; };
		A712ED6B2441172400B00791 /* LaunchScreen.storyboard in Resources */ = {isa = PBXBuildFile; fileRef = A712ED692441172400B00791 /* LaunchScreen.storyboard */; };
		A716B8FD244E43BB00D2FC89 /* ItemsListCellViewModel.swift in Sources */ = {isa = PBXBuildFile; fileRef = A716B8FC244E43BB00D2FC89 /* ItemsListCellViewModel.swift */; };
		A716C9C1244FA07A004262AF /* RemainingViewModel.swift in Sources */ = {isa = PBXBuildFile; fileRef = A716C9C0244FA07A004262AF /* RemainingViewModel.swift */; };
		A716C9C8244FB505004262AF /* RemainingView.swift in Sources */ = {isa = PBXBuildFile; fileRef = A716C9C7244FB505004262AF /* RemainingView.swift */; };
		A7175078244286F60058FCE4 /* ItemsListTableViewCell.swift in Sources */ = {isa = PBXBuildFile; fileRef = A7175077244286F60058FCE4 /* ItemsListTableViewCell.swift */; };
		A71B69192443A8D600AF7CB3 /* UIColorExtensions.swift in Sources */ = {isa = PBXBuildFile; fileRef = A71B69182443A8D600AF7CB3 /* UIColorExtensions.swift */; };
		A71B691B2443A9CA00AF7CB3 /* AddNavigationController.swift in Sources */ = {isa = PBXBuildFile; fileRef = A71B691A2443A9CA00AF7CB3 /* AddNavigationController.swift */; };
		A71B691E2443CAD500AF7CB3 /* AddItemTextField.swift in Sources */ = {isa = PBXBuildFile; fileRef = A71B691D2443CAD500AF7CB3 /* AddItemTextField.swift */; };
		A71B69212443D3EB00AF7CB3 /* ExpirationSectionView.swift in Sources */ = {isa = PBXBuildFile; fileRef = A71B69202443D3EB00AF7CB3 /* ExpirationSectionView.swift */; };
		A72315AE244B0943008614B2 /* ValidationRules.swift in Sources */ = {isa = PBXBuildFile; fileRef = A72315AD244B0943008614B2 /* ValidationRules.swift */; };
		A725068D2457992F006C3A2F /* RemainingState.swift in Sources */ = {isa = PBXBuildFile; fileRef = A725068C2457992F006C3A2F /* RemainingState.swift */; };
		A72A46D424426A4000B0007B /* ItemsListTableView.swift in Sources */ = {isa = PBXBuildFile; fileRef = A72A46D324426A4000B0007B /* ItemsListTableView.swift */; };
		A72A46D724426C4C00B0007B /* ListAddButton.swift in Sources */ = {isa = PBXBuildFile; fileRef = A72A46D624426C4C00B0007B /* ListAddButton.swift */; };
		A741613E2450D814001ED316 /* UIAlertActionExtensions.swift in Sources */ = {isa = PBXBuildFile; fileRef = A741613D2450D814001ED316 /* UIAlertActionExtensions.swift */; };
		A74161412450D83B001ED316 /* UIAlertControllerExtensions.swift in Sources */ = {isa = PBXBuildFile; fileRef = A74161402450D83B001ED316 /* UIAlertControllerExtensions.swift */; };
		A77A99CD245A118200F3578C /* UIBarButtonItemExtensions.swift in Sources */ = {isa = PBXBuildFile; fileRef = A77A99CC245A118200F3578C /* UIBarButtonItemExtensions.swift */; };
		A77A99CF245A14EE00F3578C /* UIImageExtensions.swift in Sources */ = {isa = PBXBuildFile; fileRef = A77A99CE245A14EE00F3578C /* UIImageExtensions.swift */; };
		A77A99D1245A1DA000F3578C /* ItemsListDelegates.swift in Sources */ = {isa = PBXBuildFile; fileRef = A77A99D0245A1DA000F3578C /* ItemsListDelegates.swift */; };
		A77A99D3245A26B700F3578C /* FilterBadgeLabel.swift in Sources */ = {isa = PBXBuildFile; fileRef = A77A99D2245A26B700F3578C /* FilterBadgeLabel.swift */; };
		A786619D244B4E8100A2C49C /* ExpirationDateViewModel.swift in Sources */ = {isa = PBXBuildFile; fileRef = A786619C244B4E8100A2C49C /* ExpirationDateViewModel.swift */; };
		A798DF4824524B0900A84F79 /* ItemsListDataSource.swift in Sources */ = {isa = PBXBuildFile; fileRef = A798DF4724524B0900A84F79 /* ItemsListDataSource.swift */; };
		A7ADB60E244E47CB00694BA0 /* DateFormatterExtensions.swift in Sources */ = {isa = PBXBuildFile; fileRef = A7ADB60D244E47CB00694BA0 /* DateFormatterExtensions.swift */; };
		A7DB8A35244285010035CF36 /* AddViewController.swift in Sources */ = {isa = PBXBuildFile; fileRef = A7DB8A34244285010035CF36 /* AddViewController.swift */; };
		A7DB8A37244286440035CF36 /* ListNavigationController.swift in Sources */ = {isa = PBXBuildFile; fileRef = A7DB8A36244286440035CF36 /* ListNavigationController.swift */; };
		A7EC2D5C2444F66800993F53 /* ExpirationDateView.swift in Sources */ = {isa = PBXBuildFile; fileRef = A7EC2D5B2444F66800993F53 /* ExpirationDateView.swift */; };
		A7EC2D5E2445004D00993F53 /* ExpirationPeriodView.swift in Sources */ = {isa = PBXBuildFile; fileRef = A7EC2D5D2445004D00993F53 /* ExpirationPeriodView.swift */; };
		A7EC2D622445127200993F53 /* PeriodTypeExtensions.swift in Sources */ = {isa = PBXBuildFile; fileRef = A7EC2D612445127200993F53 /* PeriodTypeExtensions.swift */; };
		A7F16D24244AFF2000ED2402 /* ExpirationPeriodViewModel.swift in Sources */ = {isa = PBXBuildFile; fileRef = A7F16D23244AFF2000ED2402 /* ExpirationPeriodViewModel.swift */; };
		A7F82BA42458CB6700970CFC /* Mode.swift in Sources */ = {isa = PBXBuildFile; fileRef = A7F82BA32458CB6700970CFC /* Mode.swift */; };
		A7F82BA62458CB7200970CFC /* ModeState.swift in Sources */ = {isa = PBXBuildFile; fileRef = A7F82BA52458CB7200970CFC /* ModeState.swift */; };
		A7F82BA82458CB8700970CFC /* ReadModeState.swift in Sources */ = {isa = PBXBuildFile; fileRef = A7F82BA72458CB8700970CFC /* ReadModeState.swift */; };
		A7F82BAA2458CB9C00970CFC /* SelectionModeState.swift in Sources */ = {isa = PBXBuildFile; fileRef = A7F82BA92458CB9C00970CFC /* SelectionModeState.swift */; };
		A7F82BAC2458CBA800970CFC /* FilteringModeState.swift in Sources */ = {isa = PBXBuildFile; fileRef = A7F82BAB2458CBA800970CFC /* FilteringModeState.swift */; };
		A7FFA9772448F3FF0061A3D6 /* Expiration.swift in Sources */ = {isa = PBXBuildFile; fileRef = A7FFA9762448F3FF0061A3D6 /* Expiration.swift */; };
		A7FFA9792448F5C00061A3D6 /* ExpirationType.swift in Sources */ = {isa = PBXBuildFile; fileRef = A7FFA9782448F5C00061A3D6 /* ExpirationType.swift */; };
		A7FFA97D244909B40061A3D6 /* DateExtensions.swift in Sources */ = {isa = PBXBuildFile; fileRef = A7FFA97C244909B40061A3D6 /* DateExtensions.swift */; };
/* End PBXBuildFile section */

/* Begin PBXFileReference section */
		A700D6C12454BD6A00F16F2E /* ItemsFilterCollectionView.swift */ = {isa = PBXFileReference; lastKnownFileType = sourcecode.swift; path = ItemsFilterCollectionView.swift; sourceTree = "<group>"; };
		A700D6C32454BEF400F16F2E /* ItemsFilterDataSource.swift */ = {isa = PBXFileReference; lastKnownFileType = sourcecode.swift; path = ItemsFilterDataSource.swift; sourceTree = "<group>"; };
		A700D6C62454C6FE00F16F2E /* ItemsFilterCollectionViewCell.swift */ = {isa = PBXFileReference; lastKnownFileType = sourcecode.swift; path = ItemsFilterCollectionViewCell.swift; sourceTree = "<group>"; };
		A700D6C82454D96800F16F2E /* ItemsFilterViewModel.swift */ = {isa = PBXFileReference; lastKnownFileType = sourcecode.swift; path = ItemsFilterViewModel.swift; sourceTree = "<group>"; };
		A700D6CA2454E82600F16F2E /* ItemsFilterCellViewModel.swift */ = {isa = PBXFileReference; lastKnownFileType = sourcecode.swift; path = ItemsFilterCellViewModel.swift; sourceTree = "<group>"; };
		A70BCCD8244795D700CC49D0 /* AddViewModel.swift */ = {isa = PBXFileReference; lastKnownFileType = sourcecode.swift; path = AddViewModel.swift; sourceTree = "<group>"; };
		A70BCCDA2447960200CC49D0 /* Item.swift */ = {isa = PBXFileReference; lastKnownFileType = sourcecode.swift; path = Item.swift; sourceTree = "<group>"; };
		A70BCCDC244796FB00CC49D0 /* PeriodType.swift */ = {isa = PBXFileReference; lastKnownFileType = sourcecode.swift; path = PeriodType.swift; sourceTree = "<group>"; };
		A70BCCE42447C56A00CC49D0 /* ExpirationTypeExtensions.swift */ = {isa = PBXFileReference; lastKnownFileType = sourcecode.swift; path = ExpirationTypeExtensions.swift; sourceTree = "<group>"; };
		A70FA676244CDEEA0045B545 /* ViewControllerFactory.swift */ = {isa = PBXFileReference; lastKnownFileType = sourcecode.swift; path = ViewControllerFactory.swift; sourceTree = "<group>"; };
		A70FA67A244CEB140045B545 /* ItemsService.swift */ = {isa = PBXFileReference; lastKnownFileType = sourcecode.swift; path = ItemsService.swift; sourceTree = "<group>"; };
		A70FA67C244CEB340045B545 /* InMemoryItemsService.swift */ = {isa = PBXFileReference; lastKnownFileType = sourcecode.swift; path = InMemoryItemsService.swift; sourceTree = "<group>"; };
		A70FA680244CF7190045B545 /* ItemsListViewModel.swift */ = {isa = PBXFileReference; lastKnownFileType = sourcecode.swift; path = ItemsListViewModel.swift; sourceTree = "<group>"; };
		A712ED5B2441172300B00791 /* ZeroWasteReminder.app */ = {isa = PBXFileReference; explicitFileType = wrapper.application; includeInIndex = 0; path = ZeroWasteReminder.app; sourceTree = BUILT_PRODUCTS_DIR; };
		A712ED5E2441172300B00791 /* AppDelegate.swift */ = {isa = PBXFileReference; lastKnownFileType = sourcecode.swift; path = AppDelegate.swift; sourceTree = "<group>"; };
		A712ED602441172300B00791 /* SceneDelegate.swift */ = {isa = PBXFileReference; lastKnownFileType = sourcecode.swift; path = SceneDelegate.swift; sourceTree = "<group>"; };
		A712ED622441172300B00791 /* ItemsListViewController.swift */ = {isa = PBXFileReference; lastKnownFileType = sourcecode.swift; path = ItemsListViewController.swift; sourceTree = "<group>"; };
		A712ED672441172400B00791 /* Assets.xcassets */ = {isa = PBXFileReference; lastKnownFileType = folder.assetcatalog; path = Assets.xcassets; sourceTree = "<group>"; };
		A712ED6A2441172400B00791 /* Base */ = {isa = PBXFileReference; lastKnownFileType = file.storyboard; name = Base; path = Base.lproj/LaunchScreen.storyboard; sourceTree = "<group>"; };
		A712ED6C2441172400B00791 /* Info.plist */ = {isa = PBXFileReference; lastKnownFileType = text.plist.xml; path = Info.plist; sourceTree = "<group>"; };
		A716B8FC244E43BB00D2FC89 /* ItemsListCellViewModel.swift */ = {isa = PBXFileReference; lastKnownFileType = sourcecode.swift; path = ItemsListCellViewModel.swift; sourceTree = "<group>"; };
		A716C9C0244FA07A004262AF /* RemainingViewModel.swift */ = {isa = PBXFileReference; lastKnownFileType = sourcecode.swift; path = RemainingViewModel.swift; sourceTree = "<group>"; };
		A716C9C7244FB505004262AF /* RemainingView.swift */ = {isa = PBXFileReference; lastKnownFileType = sourcecode.swift; path = RemainingView.swift; sourceTree = "<group>"; };
		A7175077244286F60058FCE4 /* ItemsListTableViewCell.swift */ = {isa = PBXFileReference; lastKnownFileType = sourcecode.swift; path = ItemsListTableViewCell.swift; sourceTree = "<group>"; };
		A71B69182443A8D600AF7CB3 /* UIColorExtensions.swift */ = {isa = PBXFileReference; lastKnownFileType = sourcecode.swift; path = UIColorExtensions.swift; sourceTree = "<group>"; };
		A71B691A2443A9CA00AF7CB3 /* AddNavigationController.swift */ = {isa = PBXFileReference; lastKnownFileType = sourcecode.swift; path = AddNavigationController.swift; sourceTree = "<group>"; };
		A71B691D2443CAD500AF7CB3 /* AddItemTextField.swift */ = {isa = PBXFileReference; lastKnownFileType = sourcecode.swift; path = AddItemTextField.swift; sourceTree = "<group>"; };
		A71B69202443D3EB00AF7CB3 /* ExpirationSectionView.swift */ = {isa = PBXFileReference; lastKnownFileType = sourcecode.swift; path = ExpirationSectionView.swift; sourceTree = "<group>"; };
		A72315AD244B0943008614B2 /* ValidationRules.swift */ = {isa = PBXFileReference; lastKnownFileType = sourcecode.swift; path = ValidationRules.swift; sourceTree = "<group>"; };
		A725068C2457992F006C3A2F /* RemainingState.swift */ = {isa = PBXFileReference; lastKnownFileType = sourcecode.swift; path = RemainingState.swift; sourceTree = "<group>"; };
		A72A46D324426A4000B0007B /* ItemsListTableView.swift */ = {isa = PBXFileReference; lastKnownFileType = sourcecode.swift; path = ItemsListTableView.swift; sourceTree = "<group>"; };
		A72A46D624426C4C00B0007B /* ListAddButton.swift */ = {isa = PBXFileReference; lastKnownFileType = sourcecode.swift; path = ListAddButton.swift; sourceTree = "<group>"; };
		A741613D2450D814001ED316 /* UIAlertActionExtensions.swift */ = {isa = PBXFileReference; lastKnownFileType = sourcecode.swift; path = UIAlertActionExtensions.swift; sourceTree = "<group>"; };
		A74161402450D83B001ED316 /* UIAlertControllerExtensions.swift */ = {isa = PBXFileReference; lastKnownFileType = sourcecode.swift; path = UIAlertControllerExtensions.swift; sourceTree = "<group>"; };
		A77A99CC245A118200F3578C /* UIBarButtonItemExtensions.swift */ = {isa = PBXFileReference; lastKnownFileType = sourcecode.swift; path = UIBarButtonItemExtensions.swift; sourceTree = "<group>"; };
		A77A99CE245A14EE00F3578C /* UIImageExtensions.swift */ = {isa = PBXFileReference; lastKnownFileType = sourcecode.swift; path = UIImageExtensions.swift; sourceTree = "<group>"; };
		A77A99D0245A1DA000F3578C /* ItemsListDelegates.swift */ = {isa = PBXFileReference; lastKnownFileType = sourcecode.swift; path = ItemsListDelegates.swift; sourceTree = "<group>"; };
		A77A99D2245A26B700F3578C /* FilterBadgeLabel.swift */ = {isa = PBXFileReference; lastKnownFileType = sourcecode.swift; path = FilterBadgeLabel.swift; sourceTree = "<group>"; };
		A786619C244B4E8100A2C49C /* ExpirationDateViewModel.swift */ = {isa = PBXFileReference; lastKnownFileType = sourcecode.swift; path = ExpirationDateViewModel.swift; sourceTree = "<group>"; };
		A798DF4724524B0900A84F79 /* ItemsListDataSource.swift */ = {isa = PBXFileReference; lastKnownFileType = sourcecode.swift; path = ItemsListDataSource.swift; sourceTree = "<group>"; };
		A7ADB60D244E47CB00694BA0 /* DateFormatterExtensions.swift */ = {isa = PBXFileReference; lastKnownFileType = sourcecode.swift; path = DateFormatterExtensions.swift; sourceTree = "<group>"; };
		A7DB8A34244285010035CF36 /* AddViewController.swift */ = {isa = PBXFileReference; lastKnownFileType = sourcecode.swift; path = AddViewController.swift; sourceTree = "<group>"; };
		A7DB8A36244286440035CF36 /* ListNavigationController.swift */ = {isa = PBXFileReference; lastKnownFileType = sourcecode.swift; path = ListNavigationController.swift; sourceTree = "<group>"; };
		A7EC2D5B2444F66800993F53 /* ExpirationDateView.swift */ = {isa = PBXFileReference; lastKnownFileType = sourcecode.swift; path = ExpirationDateView.swift; sourceTree = "<group>"; };
		A7EC2D5D2445004D00993F53 /* ExpirationPeriodView.swift */ = {isa = PBXFileReference; lastKnownFileType = sourcecode.swift; path = ExpirationPeriodView.swift; sourceTree = "<group>"; };
		A7EC2D612445127200993F53 /* PeriodTypeExtensions.swift */ = {isa = PBXFileReference; lastKnownFileType = sourcecode.swift; path = PeriodTypeExtensions.swift; sourceTree = "<group>"; };
		A7F16D23244AFF2000ED2402 /* ExpirationPeriodViewModel.swift */ = {isa = PBXFileReference; lastKnownFileType = sourcecode.swift; path = ExpirationPeriodViewModel.swift; sourceTree = "<group>"; };
		A7F82BA32458CB6700970CFC /* Mode.swift */ = {isa = PBXFileReference; lastKnownFileType = sourcecode.swift; path = Mode.swift; sourceTree = "<group>"; };
		A7F82BA52458CB7200970CFC /* ModeState.swift */ = {isa = PBXFileReference; lastKnownFileType = sourcecode.swift; path = ModeState.swift; sourceTree = "<group>"; };
		A7F82BA72458CB8700970CFC /* ReadModeState.swift */ = {isa = PBXFileReference; lastKnownFileType = sourcecode.swift; path = ReadModeState.swift; sourceTree = "<group>"; };
		A7F82BA92458CB9C00970CFC /* SelectionModeState.swift */ = {isa = PBXFileReference; lastKnownFileType = sourcecode.swift; path = SelectionModeState.swift; sourceTree = "<group>"; };
		A7F82BAB2458CBA800970CFC /* FilteringModeState.swift */ = {isa = PBXFileReference; lastKnownFileType = sourcecode.swift; path = FilteringModeState.swift; sourceTree = "<group>"; };
		A7FFA9762448F3FF0061A3D6 /* Expiration.swift */ = {isa = PBXFileReference; lastKnownFileType = sourcecode.swift; path = Expiration.swift; sourceTree = "<group>"; };
		A7FFA9782448F5C00061A3D6 /* ExpirationType.swift */ = {isa = PBXFileReference; lastKnownFileType = sourcecode.swift; path = ExpirationType.swift; sourceTree = "<group>"; };
		A7FFA97C244909B40061A3D6 /* DateExtensions.swift */ = {isa = PBXFileReference; lastKnownFileType = sourcecode.swift; path = DateExtensions.swift; sourceTree = "<group>"; };
/* End PBXFileReference section */

/* Begin PBXFrameworksBuildPhase section */
		A712ED582441172300B00791 /* Frameworks */ = {
			isa = PBXFrameworksBuildPhase;
			buildActionMask = 2147483647;
			files = (
			);
			runOnlyForDeploymentPostprocessing = 0;
		};
/* End PBXFrameworksBuildPhase section */

/* Begin PBXGroup section */
		A700D6C02454BC8B00F16F2E /* ItemsFilter */ = {
			isa = PBXGroup;
			children = (
				A700D6C12454BD6A00F16F2E /* ItemsFilterCollectionView.swift */,
				A700D6C32454BEF400F16F2E /* ItemsFilterDataSource.swift */,
				A700D6C62454C6FE00F16F2E /* ItemsFilterCollectionViewCell.swift */,
			);
			path = ItemsFilter;
			sourceTree = "<group>";
		};
		A700D6C52454C31900F16F2E /* ItemsList */ = {
			isa = PBXGroup;
			children = (
				A798DF4724524B0900A84F79 /* ItemsListDataSource.swift */,
				A72A46D324426A4000B0007B /* ItemsListTableView.swift */,
				A7175077244286F60058FCE4 /* ItemsListTableViewCell.swift */,
				A77A99D0245A1DA000F3578C /* ItemsListDelegates.swift */,
				A716C9C7244FB505004262AF /* RemainingView.swift */,
			);
			path = ItemsList;
			sourceTree = "<group>";
		};
		A700D6CE2454ED9700F16F2E /* Filter */ = {
			isa = PBXGroup;
			children = (
				A700D6CA2454E82600F16F2E /* ItemsFilterCellViewModel.swift */,
				A700D6C82454D96800F16F2E /* ItemsFilterViewModel.swift */,
			);
			path = Filter;
			sourceTree = "<group>";
		};
		A70BCCD72447959C00CC49D0 /* Model */ = {
			isa = PBXGroup;
			children = (
				A70FA678244CEAF50045B545 /* Entity */,
				A70FA679244CEAFC0045B545 /* Service */,
			);
			path = Model;
			sourceTree = "<group>";
		};
		A70FA678244CEAF50045B545 /* Entity */ = {
			isa = PBXGroup;
			children = (
				A7FFA9762448F3FF0061A3D6 /* Expiration.swift */,
				A7FFA9782448F5C00061A3D6 /* ExpirationType.swift */,
				A70BCCDA2447960200CC49D0 /* Item.swift */,
				A70BCCDC244796FB00CC49D0 /* PeriodType.swift */,
				A725068C2457992F006C3A2F /* RemainingState.swift */,
			);
			path = Entity;
			sourceTree = "<group>";
		};
		A70FA679244CEAFC0045B545 /* Service */ = {
			isa = PBXGroup;
			children = (
				A70FA67A244CEB140045B545 /* ItemsService.swift */,
				A70FA67C244CEB340045B545 /* InMemoryItemsService.swift */,
			);
			path = Service;
			sourceTree = "<group>";
		};
		A70FA67E244CF6FD0045B545 /* Feature */ = {
			isa = PBXGroup;
			children = (
				A7F16D22244AFF0700ED2402 /* Add */,
				A70FA67F244CF7090045B545 /* List */,
			);
			path = Feature;
			sourceTree = "<group>";
		};
		A70FA67F244CF7090045B545 /* List */ = {
			isa = PBXGroup;
			children = (
				A7F82BA22458CB5A00970CFC /* ModeState */,
				A700D6CE2454ED9700F16F2E /* Filter */,
				A716B8FC244E43BB00D2FC89 /* ItemsListCellViewModel.swift */,
				A70FA680244CF7190045B545 /* ItemsListViewModel.swift */,
				A716C9C0244FA07A004262AF /* RemainingViewModel.swift */,
			);
			path = List;
			sourceTree = "<group>";
		};
		A712ED522441172300B00791 = {
			isa = PBXGroup;
			children = (
				A712ED5D2441172300B00791 /* ZeroWasteReminder */,
				A712ED5C2441172300B00791 /* Products */,
			);
			sourceTree = "<group>";
		};
		A712ED5C2441172300B00791 /* Products */ = {
			isa = PBXGroup;
			children = (
				A712ED5B2441172300B00791 /* ZeroWasteReminder.app */,
			);
			name = Products;
			sourceTree = "<group>";
		};
		A712ED5D2441172300B00791 /* ZeroWasteReminder */ = {
			isa = PBXGroup;
			children = (
				A712ED6C2441172400B00791 /* Info.plist */,
				A712ED5E2441172300B00791 /* AppDelegate.swift */,
				A712ED602441172300B00791 /* SceneDelegate.swift */,
				A72A46D0244265CD00B0007B /* Extension */,
				A70BCCD72447959C00CC49D0 /* Model */,
				A72A46CC2442649A00B0007B /* Resource */,
				A7EC2D602445126600993F53 /* Shared */,
				A72A46CD244264AA00B0007B /* View */,
				A72A46CE244264B400B0007B /* ViewModel */,
			);
			path = ZeroWasteReminder;
			sourceTree = "<group>";
		};
		A71B691C2443CAC600AF7CB3 /* Controls */ = {
			isa = PBXGroup;
			children = (
				A71B691D2443CAD500AF7CB3 /* AddItemTextField.swift */,
				A71B69202443D3EB00AF7CB3 /* ExpirationSectionView.swift */,
				A7EC2D5F2445030200993F53 /* ExpirationSection */,
			);
			path = Controls;
			sourceTree = "<group>";
		};
		A72A46CC2442649A00B0007B /* Resource */ = {
			isa = PBXGroup;
			children = (
				A712ED672441172400B00791 /* Assets.xcassets */,
				A712ED692441172400B00791 /* LaunchScreen.storyboard */,
			);
			path = Resource;
			sourceTree = "<group>";
		};
		A72A46CD244264AA00B0007B /* View */ = {
			isa = PBXGroup;
			children = (
				A74161422450D989001ED316 /* Extensions */,
				A7DB8A33244284120035CF36 /* Feature */,
			);
			path = View;
			sourceTree = "<group>";
		};
		A72A46CE244264B400B0007B /* ViewModel */ = {
			isa = PBXGroup;
			children = (
				A70FA67E244CF6FD0045B545 /* Feature */,
			);
			path = ViewModel;
			sourceTree = "<group>";
		};
		A72A46D0244265CD00B0007B /* Extension */ = {
			isa = PBXGroup;
			children = (
				A7FFA97C244909B40061A3D6 /* DateExtensions.swift */,
				A70BCCE42447C56A00CC49D0 /* ExpirationTypeExtensions.swift */,
				A7EC2D612445127200993F53 /* PeriodTypeExtensions.swift */,
				A7ADB60D244E47CB00694BA0 /* DateFormatterExtensions.swift */,
			);
			path = Extension;
			sourceTree = "<group>";
		};
		A72A46D524426C3700B0007B /* List */ = {
			isa = PBXGroup;
			children = (
				A7DB8A36244286440035CF36 /* ListNavigationController.swift */,
				A712ED622441172300B00791 /* ItemsListViewController.swift */,
				A72A46D824426CE600B0007B /* Controls */,
			);
			path = List;
			sourceTree = "<group>";
		};
		A72A46D824426CE600B0007B /* Controls */ = {
			isa = PBXGroup;
			children = (
				A77A99D2245A26B700F3578C /* FilterBadgeLabel.swift */,
				A72A46D624426C4C00B0007B /* ListAddButton.swift */,
				A700D6C02454BC8B00F16F2E /* ItemsFilter */,
				A700D6C52454C31900F16F2E /* ItemsList */,
			);
			path = Controls;
			sourceTree = "<group>";
		};
		A74161422450D989001ED316 /* Extensions */ = {
			isa = PBXGroup;
			children = (
				A741613D2450D814001ED316 /* UIAlertActionExtensions.swift */,
				A74161402450D83B001ED316 /* UIAlertControllerExtensions.swift */,
				A77A99CC245A118200F3578C /* UIBarButtonItemExtensions.swift */,
				A71B69182443A8D600AF7CB3 /* UIColorExtensions.swift */,
				A77A99CE245A14EE00F3578C /* UIImageExtensions.swift */,
			);
			path = Extensions;
			sourceTree = "<group>";
		};
		A7DB8A32244284020035CF36 /* Add */ = {
			isa = PBXGroup;
			children = (
				A71B691A2443A9CA00AF7CB3 /* AddNavigationController.swift */,
				A7DB8A34244285010035CF36 /* AddViewController.swift */,
				A71B691C2443CAC600AF7CB3 /* Controls */,
			);
			path = Add;
			sourceTree = "<group>";
		};
		A7DB8A33244284120035CF36 /* Feature */ = {
			isa = PBXGroup;
			children = (
				A7DB8A32244284020035CF36 /* Add */,
				A72A46D524426C3700B0007B /* List */,
			);
			path = Feature;
			sourceTree = "<group>";
		};
		A7EC2D5F2445030200993F53 /* ExpirationSection */ = {
			isa = PBXGroup;
			children = (
				A7EC2D5B2444F66800993F53 /* ExpirationDateView.swift */,
				A7EC2D5D2445004D00993F53 /* ExpirationPeriodView.swift */,
			);
			path = ExpirationSection;
			sourceTree = "<group>";
		};
		A7EC2D602445126600993F53 /* Shared */ = {
			isa = PBXGroup;
			children = (
				A70FA676244CDEEA0045B545 /* ViewControllerFactory.swift */,
			);
			path = Shared;
			sourceTree = "<group>";
		};
		A7F16D22244AFF0700ED2402 /* Add */ = {
			isa = PBXGroup;
			children = (
				A70BCCD8244795D700CC49D0 /* AddViewModel.swift */,
				A786619C244B4E8100A2C49C /* ExpirationDateViewModel.swift */,
				A7F16D23244AFF2000ED2402 /* ExpirationPeriodViewModel.swift */,
				A72315AD244B0943008614B2 /* ValidationRules.swift */,
			);
			path = Add;
			sourceTree = "<group>";
		};
		A7F82BA22458CB5A00970CFC /* ModeState */ = {
			isa = PBXGroup;
			children = (
				A7F82BA32458CB6700970CFC /* Mode.swift */,
				A7F82BA52458CB7200970CFC /* ModeState.swift */,
				A7F82BAD2458CBB300970CFC /* State */,
			);
			path = ModeState;
			sourceTree = "<group>";
		};
		A7F82BAD2458CBB300970CFC /* State */ = {
			isa = PBXGroup;
			children = (
				A7F82BAB2458CBA800970CFC /* FilteringModeState.swift */,
				A7F82BA72458CB8700970CFC /* ReadModeState.swift */,
				A7F82BA92458CB9C00970CFC /* SelectionModeState.swift */,
			);
			path = State;
			sourceTree = "<group>";
		};
/* End PBXGroup section */

/* Begin PBXNativeTarget section */
		A712ED5A2441172300B00791 /* ZeroWasteReminder */ = {
			isa = PBXNativeTarget;
			buildConfigurationList = A712ED6F2441172400B00791 /* Build configuration list for PBXNativeTarget "ZeroWasteReminder" */;
			buildPhases = (
				A712ED572441172300B00791 /* Sources */,
				A712ED582441172300B00791 /* Frameworks */,
				A712ED592441172300B00791 /* Resources */,
			);
			buildRules = (
			);
			dependencies = (
			);
			name = ZeroWasteReminder;
			productName = ZeroWasteReminder;
			productReference = A712ED5B2441172300B00791 /* ZeroWasteReminder.app */;
			productType = "com.apple.product-type.application";
		};
/* End PBXNativeTarget section */

/* Begin PBXProject section */
		A712ED532441172300B00791 /* Project object */ = {
			isa = PBXProject;
			attributes = {
				LastSwiftUpdateCheck = 1140;
				LastUpgradeCheck = 1140;
				ORGANIZATIONNAME = "Adrian Świątek";
				TargetAttributes = {
					A712ED5A2441172300B00791 = {
						CreatedOnToolsVersion = 11.4;
					};
				};
			};
			buildConfigurationList = A712ED562441172300B00791 /* Build configuration list for PBXProject "ZeroWasteReminder" */;
			compatibilityVersion = "Xcode 9.3";
			developmentRegion = en;
			hasScannedForEncodings = 0;
			knownRegions = (
				en,
				Base,
			);
			mainGroup = A712ED522441172300B00791;
			productRefGroup = A712ED5C2441172300B00791 /* Products */;
			projectDirPath = "";
			projectRoot = "";
			targets = (
				A712ED5A2441172300B00791 /* ZeroWasteReminder */,
			);
		};
/* End PBXProject section */

/* Begin PBXResourcesBuildPhase section */
		A712ED592441172300B00791 /* Resources */ = {
			isa = PBXResourcesBuildPhase;
			buildActionMask = 2147483647;
			files = (
				A712ED6B2441172400B00791 /* LaunchScreen.storyboard in Resources */,
				A712ED682441172400B00791 /* Assets.xcassets in Resources */,
			);
			runOnlyForDeploymentPostprocessing = 0;
		};
/* End PBXResourcesBuildPhase section */

/* Begin PBXSourcesBuildPhase section */
		A712ED572441172300B00791 /* Sources */ = {
			isa = PBXSourcesBuildPhase;
			buildActionMask = 2147483647;
			files = (
				A7F82BA82458CB8700970CFC /* ReadModeState.swift in Sources */,
				A7F82BAA2458CB9C00970CFC /* SelectionModeState.swift in Sources */,
				A7EC2D622445127200993F53 /* PeriodTypeExtensions.swift in Sources */,
				A71B69212443D3EB00AF7CB3 /* ExpirationSectionView.swift in Sources */,
				A71B691B2443A9CA00AF7CB3 /* AddNavigationController.swift in Sources */,
				A712ED632441172300B00791 /* ItemsListViewController.swift in Sources */,
				A70FA67B244CEB140045B545 /* ItemsService.swift in Sources */,
				A7FFA97D244909B40061A3D6 /* DateExtensions.swift in Sources */,
				A7DB8A37244286440035CF36 /* ListNavigationController.swift in Sources */,
				A7EC2D5E2445004D00993F53 /* ExpirationPeriodView.swift in Sources */,
				A725068D2457992F006C3A2F /* RemainingState.swift in Sources */,
				A7FFA9792448F5C00061A3D6 /* ExpirationType.swift in Sources */,
				A70FA677244CDEEA0045B545 /* ViewControllerFactory.swift in Sources */,
				A716C9C1244FA07A004262AF /* RemainingViewModel.swift in Sources */,
				A7EC2D5C2444F66800993F53 /* ExpirationDateView.swift in Sources */,
				A70FA67D244CEB340045B545 /* InMemoryItemsService.swift in Sources */,
				A77A99D3245A26B700F3578C /* FilterBadgeLabel.swift in Sources */,
				A7F82BAC2458CBA800970CFC /* FilteringModeState.swift in Sources */,
				A70BCCE52447C56A00CC49D0 /* ExpirationTypeExtensions.swift in Sources */,
				A71B691E2443CAD500AF7CB3 /* AddItemTextField.swift in Sources */,
				A712ED5F2441172300B00791 /* AppDelegate.swift in Sources */,
				A7DB8A35244285010035CF36 /* AddViewController.swift in Sources */,
				A70BCCDB2447960200CC49D0 /* Item.swift in Sources */,
				A716C9C8244FB505004262AF /* RemainingView.swift in Sources */,
				A77A99CF245A14EE00F3578C /* UIImageExtensions.swift in Sources */,
				A786619D244B4E8100A2C49C /* ExpirationDateViewModel.swift in Sources */,
				A7175078244286F60058FCE4 /* ItemsListTableViewCell.swift in Sources */,
				A74161412450D83B001ED316 /* UIAlertControllerExtensions.swift in Sources */,
				A716B8FD244E43BB00D2FC89 /* ItemsListCellViewModel.swift in Sources */,
				A77A99D1245A1DA000F3578C /* ItemsListDelegates.swift in Sources */,
				A70FA681244CF7190045B545 /* ItemsListViewModel.swift in Sources */,
				A72A46D724426C4C00B0007B /* ListAddButton.swift in Sources */,
				A700D6C22454BD6A00F16F2E /* ItemsFilterCollectionView.swift in Sources */,
				A7F82BA42458CB6700970CFC /* Mode.swift in Sources */,
				A7F82BA62458CB7200970CFC /* ModeState.swift in Sources */,
				A72A46D424426A4000B0007B /* ItemsListTableView.swift in Sources */,
				A712ED612441172300B00791 /* SceneDelegate.swift in Sources */,
				A7FFA9772448F3FF0061A3D6 /* Expiration.swift in Sources */,
				A7ADB60E244E47CB00694BA0 /* DateFormatterExtensions.swift in Sources */,
				A700D6CB2454E82600F16F2E /* ItemsFilterCellViewModel.swift in Sources */,
				A798DF4824524B0900A84F79 /* ItemsListDataSource.swift in Sources */,
				A700D6C72454C6FE00F16F2E /* ItemsFilterCollectionViewCell.swift in Sources */,
				A7F16D24244AFF2000ED2402 /* ExpirationPeriodViewModel.swift in Sources */,
				A77A99CD245A118200F3578C /* UIBarButtonItemExtensions.swift in Sources */,
				A700D6C92454D96800F16F2E /* ItemsFilterViewModel.swift in Sources */,
				A72315AE244B0943008614B2 /* ValidationRules.swift in Sources */,
				A700D6C42454BEF400F16F2E /* ItemsFilterDataSource.swift in Sources */,
				A70BCCD9244795D700CC49D0 /* AddViewModel.swift in Sources */,
				A71B69192443A8D600AF7CB3 /* UIColorExtensions.swift in Sources */,
				A70BCCDD244796FB00CC49D0 /* PeriodType.swift in Sources */,
				A741613E2450D814001ED316 /* UIAlertActionExtensions.swift in Sources */,
			);
			runOnlyForDeploymentPostprocessing = 0;
		};
/* End PBXSourcesBuildPhase section */

/* Begin PBXVariantGroup section */
		A712ED692441172400B00791 /* LaunchScreen.storyboard */ = {
			isa = PBXVariantGroup;
			children = (
				A712ED6A2441172400B00791 /* Base */,
			);
			name = LaunchScreen.storyboard;
			sourceTree = "<group>";
		};
/* End PBXVariantGroup section */

/* Begin XCBuildConfiguration section */
		A712ED6D2441172400B00791 /* Debug */ = {
			isa = XCBuildConfiguration;
			buildSettings = {
				ALWAYS_SEARCH_USER_PATHS = NO;
				CLANG_ANALYZER_NONNULL = YES;
				CLANG_ANALYZER_NUMBER_OBJECT_CONVERSION = YES_AGGRESSIVE;
				CLANG_CXX_LANGUAGE_STANDARD = "gnu++14";
				CLANG_CXX_LIBRARY = "libc++";
				CLANG_ENABLE_MODULES = YES;
				CLANG_ENABLE_OBJC_ARC = YES;
				CLANG_ENABLE_OBJC_WEAK = YES;
				CLANG_WARN_BLOCK_CAPTURE_AUTORELEASING = YES;
				CLANG_WARN_BOOL_CONVERSION = YES;
				CLANG_WARN_COMMA = YES;
				CLANG_WARN_CONSTANT_CONVERSION = YES;
				CLANG_WARN_DEPRECATED_OBJC_IMPLEMENTATIONS = YES;
				CLANG_WARN_DIRECT_OBJC_ISA_USAGE = YES_ERROR;
				CLANG_WARN_DOCUMENTATION_COMMENTS = YES;
				CLANG_WARN_EMPTY_BODY = YES;
				CLANG_WARN_ENUM_CONVERSION = YES;
				CLANG_WARN_INFINITE_RECURSION = YES;
				CLANG_WARN_INT_CONVERSION = YES;
				CLANG_WARN_NON_LITERAL_NULL_CONVERSION = YES;
				CLANG_WARN_OBJC_IMPLICIT_RETAIN_SELF = YES;
				CLANG_WARN_OBJC_LITERAL_CONVERSION = YES;
				CLANG_WARN_OBJC_ROOT_CLASS = YES_ERROR;
				CLANG_WARN_RANGE_LOOP_ANALYSIS = YES;
				CLANG_WARN_STRICT_PROTOTYPES = YES;
				CLANG_WARN_SUSPICIOUS_MOVE = YES;
				CLANG_WARN_UNGUARDED_AVAILABILITY = YES_AGGRESSIVE;
				CLANG_WARN_UNREACHABLE_CODE = YES;
				CLANG_WARN__DUPLICATE_METHOD_MATCH = YES;
				COPY_PHASE_STRIP = NO;
				DEBUG_INFORMATION_FORMAT = dwarf;
				ENABLE_STRICT_OBJC_MSGSEND = YES;
				ENABLE_TESTABILITY = YES;
				GCC_C_LANGUAGE_STANDARD = gnu11;
				GCC_DYNAMIC_NO_PIC = NO;
				GCC_NO_COMMON_BLOCKS = YES;
				GCC_OPTIMIZATION_LEVEL = 0;
				GCC_PREPROCESSOR_DEFINITIONS = (
					"DEBUG=1",
					"$(inherited)",
				);
				GCC_WARN_64_TO_32_BIT_CONVERSION = YES;
				GCC_WARN_ABOUT_RETURN_TYPE = YES_ERROR;
				GCC_WARN_UNDECLARED_SELECTOR = YES;
				GCC_WARN_UNINITIALIZED_AUTOS = YES_AGGRESSIVE;
				GCC_WARN_UNUSED_FUNCTION = YES;
				GCC_WARN_UNUSED_VARIABLE = YES;
				IPHONEOS_DEPLOYMENT_TARGET = 13.4;
				MTL_ENABLE_DEBUG_INFO = INCLUDE_SOURCE;
				MTL_FAST_MATH = YES;
				ONLY_ACTIVE_ARCH = YES;
				SDKROOT = iphoneos;
				SWIFT_ACTIVE_COMPILATION_CONDITIONS = DEBUG;
				SWIFT_OPTIMIZATION_LEVEL = "-Onone";
			};
			name = Debug;
		};
		A712ED6E2441172400B00791 /* Release */ = {
			isa = XCBuildConfiguration;
			buildSettings = {
				ALWAYS_SEARCH_USER_PATHS = NO;
				CLANG_ANALYZER_NONNULL = YES;
				CLANG_ANALYZER_NUMBER_OBJECT_CONVERSION = YES_AGGRESSIVE;
				CLANG_CXX_LANGUAGE_STANDARD = "gnu++14";
				CLANG_CXX_LIBRARY = "libc++";
				CLANG_ENABLE_MODULES = YES;
				CLANG_ENABLE_OBJC_ARC = YES;
				CLANG_ENABLE_OBJC_WEAK = YES;
				CLANG_WARN_BLOCK_CAPTURE_AUTORELEASING = YES;
				CLANG_WARN_BOOL_CONVERSION = YES;
				CLANG_WARN_COMMA = YES;
				CLANG_WARN_CONSTANT_CONVERSION = YES;
				CLANG_WARN_DEPRECATED_OBJC_IMPLEMENTATIONS = YES;
				CLANG_WARN_DIRECT_OBJC_ISA_USAGE = YES_ERROR;
				CLANG_WARN_DOCUMENTATION_COMMENTS = YES;
				CLANG_WARN_EMPTY_BODY = YES;
				CLANG_WARN_ENUM_CONVERSION = YES;
				CLANG_WARN_INFINITE_RECURSION = YES;
				CLANG_WARN_INT_CONVERSION = YES;
				CLANG_WARN_NON_LITERAL_NULL_CONVERSION = YES;
				CLANG_WARN_OBJC_IMPLICIT_RETAIN_SELF = YES;
				CLANG_WARN_OBJC_LITERAL_CONVERSION = YES;
				CLANG_WARN_OBJC_ROOT_CLASS = YES_ERROR;
				CLANG_WARN_RANGE_LOOP_ANALYSIS = YES;
				CLANG_WARN_STRICT_PROTOTYPES = YES;
				CLANG_WARN_SUSPICIOUS_MOVE = YES;
				CLANG_WARN_UNGUARDED_AVAILABILITY = YES_AGGRESSIVE;
				CLANG_WARN_UNREACHABLE_CODE = YES;
				CLANG_WARN__DUPLICATE_METHOD_MATCH = YES;
				COPY_PHASE_STRIP = NO;
				DEBUG_INFORMATION_FORMAT = "dwarf-with-dsym";
				ENABLE_NS_ASSERTIONS = NO;
				ENABLE_STRICT_OBJC_MSGSEND = YES;
				GCC_C_LANGUAGE_STANDARD = gnu11;
				GCC_NO_COMMON_BLOCKS = YES;
				GCC_WARN_64_TO_32_BIT_CONVERSION = YES;
				GCC_WARN_ABOUT_RETURN_TYPE = YES_ERROR;
				GCC_WARN_UNDECLARED_SELECTOR = YES;
				GCC_WARN_UNINITIALIZED_AUTOS = YES_AGGRESSIVE;
				GCC_WARN_UNUSED_FUNCTION = YES;
				GCC_WARN_UNUSED_VARIABLE = YES;
				IPHONEOS_DEPLOYMENT_TARGET = 13.4;
				MTL_ENABLE_DEBUG_INFO = NO;
				MTL_FAST_MATH = YES;
				SDKROOT = iphoneos;
				SWIFT_COMPILATION_MODE = wholemodule;
				SWIFT_OPTIMIZATION_LEVEL = "-O";
				VALIDATE_PRODUCT = YES;
			};
			name = Release;
		};
		A712ED702441172400B00791 /* Debug */ = {
			isa = XCBuildConfiguration;
			buildSettings = {
				ASSETCATALOG_COMPILER_APPICON_NAME = AppIcon;
				CODE_SIGN_STYLE = Automatic;
				DEVELOPMENT_TEAM = Q924VJ4PLT;
				INFOPLIST_FILE = ZeroWasteReminder/Info.plist;
				IPHONEOS_DEPLOYMENT_TARGET = 13.0;
				LD_RUNPATH_SEARCH_PATHS = (
					"$(inherited)",
					"@executable_path/Frameworks",
				);
				PRODUCT_BUNDLE_IDENTIFIER = pl.aswiatek.ZeroWasteReminder;
				PRODUCT_NAME = "$(TARGET_NAME)";
				SWIFT_VERSION = 5.0;
				TARGETED_DEVICE_FAMILY = "1,2";
			};
			name = Debug;
		};
		A712ED712441172400B00791 /* Release */ = {
			isa = XCBuildConfiguration;
			buildSettings = {
				ASSETCATALOG_COMPILER_APPICON_NAME = AppIcon;
				CODE_SIGN_STYLE = Automatic;
				DEVELOPMENT_TEAM = Q924VJ4PLT;
				INFOPLIST_FILE = ZeroWasteReminder/Info.plist;
				IPHONEOS_DEPLOYMENT_TARGET = 13.0;
				LD_RUNPATH_SEARCH_PATHS = (
					"$(inherited)",
					"@executable_path/Frameworks",
				);
				PRODUCT_BUNDLE_IDENTIFIER = pl.aswiatek.ZeroWasteReminder;
				PRODUCT_NAME = "$(TARGET_NAME)";
				SWIFT_VERSION = 5.0;
				TARGETED_DEVICE_FAMILY = "1,2";
			};
			name = Release;
		};
/* End XCBuildConfiguration section */

/* Begin XCConfigurationList section */
		A712ED562441172300B00791 /* Build configuration list for PBXProject "ZeroWasteReminder" */ = {
			isa = XCConfigurationList;
			buildConfigurations = (
				A712ED6D2441172400B00791 /* Debug */,
				A712ED6E2441172400B00791 /* Release */,
			);
			defaultConfigurationIsVisible = 0;
			defaultConfigurationName = Release;
		};
		A712ED6F2441172400B00791 /* Build configuration list for PBXNativeTarget "ZeroWasteReminder" */ = {
			isa = XCConfigurationList;
			buildConfigurations = (
				A712ED702441172400B00791 /* Debug */,
				A712ED712441172400B00791 /* Release */,
			);
			defaultConfigurationIsVisible = 0;
			defaultConfigurationName = Release;
		};
/* End XCConfigurationList section */
	};
	rootObject = A712ED532441172300B00791 /* Project object */;
}
